{
  "pins" : [
    {
      "identity" : "cluster",
      "kind" : "remoteSourceControl",
      "location" : "https://github.com/efremidze/Cluster.git",
      "state" : {
        "revision" : "3c70568c779456355895adf354a01e7fe5440ebf",
        "version" : "3.0.3"
      }
    }
  ],
  "version" : 2
}
