// !$*UTF8*$!
{
	archiveVersion = 1;
	classes = {
	};
	objectVersion = 56;
	objects = {

/* Begin PBXBuildFile section */
		2C2922582A3A1B4400189C5E /* InfoPlist.strings in Resources */ = {isa = PBXBuildFile; fileRef = 2C29225A2A3A1B4400189C5E /* InfoPlist.strings */; };
		2C8D8B872A37AE7C005A48CF /* Localizable.strings in Resources */ = {isa = PBXBuildFile; fileRef = 2C8D8B892A37AE7C005A48CF /* Localizable.strings */; };
		AD6914CE28E37F4600D9F34E /* AppDelegate.swift in Sources */ = {isa = PBXBuildFile; fileRef = AD6914CD28E37F4600D9F34E /* AppDelegate.swift */; };
		AD6914D028E37F4600D9F34E /* SceneDelegate.swift in Sources */ = {isa = PBXBuildFile; fileRef = AD6914CF28E37F4600D9F34E /* SceneDelegate.swift */; };
		AD6914D728E37F4800D9F34E /* Assets.xcassets in Resources */ = {isa = PBXBuildFile; fileRef = AD6914D628E37F4800D9F34E /* Assets.xcassets */; };
		AD6914DA28E37F4800D9F34E /* LaunchScreen.storyboard in Resources */ = {isa = PBXBuildFile; fileRef = AD6914D828E37F4800D9F34E /* LaunchScreen.storyboard */; };
		AD6914E928E3814F00D9F34E /* MapViewController.swift in Sources */ = {isa = PBXBuildFile; fileRef = AD6914E728E3814F00D9F34E /* MapViewController.swift */; };
		AD6914EA28E3814F00D9F34E /* MapViewController.xib in Resources */ = {isa = PBXBuildFile; fileRef = AD6914E828E3814F00D9F34E /* MapViewController.xib */; };
		AD7E331428E8278D004B1DFE /* REST.swift in Sources */ = {isa = PBXBuildFile; fileRef = AD7E331328E8278D004B1DFE /* REST.swift */; };
		AD7E331928E831C2004B1DFE /* Localizable.swift in Sources */ = {isa = PBXBuildFile; fileRef = AD7E331828E831C2004B1DFE /* Localizable.swift */; };
		AD7E331B28E8679D004B1DFE /* ElementMarkerEmoji.swift in Sources */ = {isa = PBXBuildFile; fileRef = AD7E331A28E8679D004B1DFE /* ElementMarkerEmoji.swift */; };
		AD7E331E28E8D2CF004B1DFE /* StyledLabel.swift in Sources */ = {isa = PBXBuildFile; fileRef = AD7E331D28E8D2CF004B1DFE /* StyledLabel.swift */; };
		AD8193F028F2C7ED00CAB29C /* ElementDetailsItemView.swift in Sources */ = {isa = PBXBuildFile; fileRef = AD8193EF28F2C7ED00CAB29C /* ElementDetailsItemView.swift */; };
		AD8193F228F2C84400CAB29C /* ElementDetailsItemView.xib in Resources */ = {isa = PBXBuildFile; fileRef = AD8193F128F2C84400CAB29C /* ElementDetailsItemView.xib */; };
		AD96B92D28E4B29400B558D4 /* ElementViewController.swift in Sources */ = {isa = PBXBuildFile; fileRef = AD96B92B28E4B29400B558D4 /* ElementViewController.swift */; };
		AD96B92E28E4B29400B558D4 /* ElementViewController.xib in Resources */ = {isa = PBXBuildFile; fileRef = AD96B92C28E4B29400B558D4 /* ElementViewController.xib */; };
		AD96B93228E4BB7100B558D4 /* API.swift in Sources */ = {isa = PBXBuildFile; fileRef = AD96B93128E4BB7100B558D4 /* API.swift */; };
		AD96B93428E4BC7400B558D4 /* ElementsRepository.swift in Sources */ = {isa = PBXBuildFile; fileRef = AD96B93328E4BC7400B558D4 /* ElementsRepository.swift */; };
		B117CA9729E636C40011BF7E /* OneTimeActions.swift in Sources */ = {isa = PBXBuildFile; fileRef = B117CA9629E636C40011BF7E /* OneTimeActions.swift */; };
		B120E8762B16BC1600AD1E96 /* NavigationManager.swift in Sources */ = {isa = PBXBuildFile; fileRef = B120E8752B16BC1600AD1E96 /* NavigationManager.swift */; };
		B125D58C2B18AAEB001A2CF2 /* User.swift in Sources */ = {isa = PBXBuildFile; fileRef = B125D58B2B18AAEB001A2CF2 /* User.swift */; };
		B125D58E2B18AB27001A2CF2 /* Event.swift in Sources */ = {isa = PBXBuildFile; fileRef = B125D58D2B18AB27001A2CF2 /* Event.swift */; };
		B125D5902B18AB43001A2CF2 /* Area.swift in Sources */ = {isa = PBXBuildFile; fileRef = B125D58F2B18AB43001A2CF2 /* Area.swift */; };
		B125D5922B18AB5F001A2CF2 /* Element.swift in Sources */ = {isa = PBXBuildFile; fileRef = B125D5912B18AB5F001A2CF2 /* Element.swift */; };
		B12C38002B10DFE5002B0352 /* ElementRowView.swift in Sources */ = {isa = PBXBuildFile; fileRef = B12C37FF2B10DFE5002B0352 /* ElementRowView.swift */; };
		B12C38032B10E0F5002B0352 /* NoElementsView.swift in Sources */ = {isa = PBXBuildFile; fileRef = B12C38022B10E0F5002B0352 /* NoElementsView.swift */; };
		B139597F2B0EB780000874B4 /* ElementsListView.swift in Sources */ = {isa = PBXBuildFile; fileRef = B139597E2B0EB780000874B4 /* ElementsListView.swift */; };
		B1459B5F2979FCC6006D376B /* AreasRepository.swift in Sources */ = {isa = PBXBuildFile; fileRef = B1459B5E2979FCC6006D376B /* AreasRepository.swift */; };
		B1459B612979FCE9006D376B /* RepositoryProtocol.swift in Sources */ = {isa = PBXBuildFile; fileRef = B1459B602979FCE9006D376B /* RepositoryProtocol.swift */; };
		B1459B63297A0F5F006D376B /* elements.json in Resources */ = {isa = PBXBuildFile; fileRef = B1459B62297A0F5F006D376B /* elements.json */; };
		B14855F929E24F7F00613C6A /* GEOSwift in Frameworks */ = {isa = PBXBuildFile; productRef = B14855F829E24F7F00613C6A /* GEOSwift */; };
		B14855FB29E25A2E00613C6A /* CLLocationCoordinate2D+Extensions.swift in Sources */ = {isa = PBXBuildFile; fileRef = B14855FA29E25A2E00613C6A /* CLLocationCoordinate2D+Extensions.swift */; };
		B155BAD6298589FF00A25265 /* Cluster in Frameworks */ = {isa = PBXBuildFile; productRef = B155BAD5298589FF00A25265 /* Cluster */; };
		B155BADB2985F4D500A25265 /* AppState.swift in Sources */ = {isa = PBXBuildFile; fileRef = B155BADA2985F4D500A25265 /* AppState.swift */; };
		B17F30A52957CA2000926E4F /* OptionsView.swift in Sources */ = {isa = PBXBuildFile; fileRef = B17F30A42957CA2000926E4F /* OptionsView.swift */; };
		B17F30A72957CB4300926E4F /* DonateView.swift in Sources */ = {isa = PBXBuildFile; fileRef = B17F30A62957CB4300926E4F /* DonateView.swift */; };
		B17F30A92957CBD000926E4F /* RoundedPillButton.swift in Sources */ = {isa = PBXBuildFile; fileRef = B17F30A82957CBD000926E4F /* RoundedPillButton.swift */; };
		B17F30AC2958FCE900926E4F /* String+URLEncode.swift in Sources */ = {isa = PBXBuildFile; fileRef = B17F30AB2958FCE900926E4F /* String+URLEncode.swift */; };
		B17F30AE2959530300926E4F /* CommunitiesView.swift in Sources */ = {isa = PBXBuildFile; fileRef = B17F30AD2959530300926E4F /* CommunitiesView.swift */; };
		B17F30B4295A599200926E4F /* MapAnnotationView.swift in Sources */ = {isa = PBXBuildFile; fileRef = B17F30B3295A599200926E4F /* MapAnnotationView.swift */; };
		B17F30B6295A5C1300926E4F /* String+UIImage.swift in Sources */ = {isa = PBXBuildFile; fileRef = B17F30B5295A5C1300926E4F /* String+UIImage.swift */; };
		B17F30BA2963061900926E4F /* ElementSystemImages.swift in Sources */ = {isa = PBXBuildFile; fileRef = B17F30B92963061900926E4F /* ElementSystemImages.swift */; };
		B17F30BD2963196800926E4F /* CountClusterAnnotationView.swift in Sources */ = {isa = PBXBuildFile; fileRef = B17F30BC2963196800926E4F /* CountClusterAnnotationView.swift */; };
		B17F30BF296319B700926E4F /* MarkerAnnotationView.swift in Sources */ = {isa = PBXBuildFile; fileRef = B17F30BE296319B700926E4F /* MarkerAnnotationView.swift */; };
		B1926FBC29E3460C00512641 /* GEOSwift+Extensions.swift in Sources */ = {isa = PBXBuildFile; fileRef = B1926FBB29E3460C00512641 /* GEOSwift+Extensions.swift */; };
		B1926FBE29E3774400512641 /* SearchBar.swift in Sources */ = {isa = PBXBuildFile; fileRef = B1926FBD29E3774400512641 /* SearchBar.swift */; };
		B1AFEEA72954D90F007C2D0A /* Color+BTCMap.swift in Sources */ = {isa = PBXBuildFile; fileRef = B1AFEEA62954D90F007C2D0A /* Color+BTCMap.swift */; };
		B1AFEEA92956BA4D007C2D0A /* ElementView.swift in Sources */ = {isa = PBXBuildFile; fileRef = B1AFEEA82956BA4D007C2D0A /* ElementView.swift */; };
		B1AFEEAB29573EFB007C2D0A /* Home.swift in Sources */ = {isa = PBXBuildFile; fileRef = B1AFEEAA29573EFB007C2D0A /* Home.swift */; };
		B1AFEEAD29573F93007C2D0A /* MapViewControllerWrapper.swift in Sources */ = {isa = PBXBuildFile; fileRef = B1AFEEAC29573F93007C2D0A /* MapViewControllerWrapper.swift */; };
		B1AFEEAF295742FB007C2D0A /* ElementViewModel.swift in Sources */ = {isa = PBXBuildFile; fileRef = B1AFEEAE295742FB007C2D0A /* ElementViewModel.swift */; };
		B1AFEEB3295747D8007C2D0A /* mock_element.json in Resources */ = {isa = PBXBuildFile; fileRef = B1AFEEB2295747D8007C2D0A /* mock_element.json */; };
		B1AFEEB529574FE7007C2D0A /* mock_event.json in Resources */ = {isa = PBXBuildFile; fileRef = B1AFEEB429574FE7007C2D0A /* mock_event.json */; };
		B1AFEEB729575004007C2D0A /* mock_user.json in Resources */ = {isa = PBXBuildFile; fileRef = B1AFEEB629575004007C2D0A /* mock_user.json */; };
		B1AFEEBB29575036007C2D0A /* mock_area.json in Resources */ = {isa = PBXBuildFile; fileRef = B1AFEEBA29575036007C2D0A /* mock_area.json */; };
		B1AFEEBD29575053007C2D0A /* mock_report.json in Resources */ = {isa = PBXBuildFile; fileRef = B1AFEEBC29575053007C2D0A /* mock_report.json */; };
		B1BD47E629E9A0DB0035E0CC /* MKPolygon+Extensions.swift in Sources */ = {isa = PBXBuildFile; fileRef = B1BD47E529E9A0DB0035E0CC /* MKPolygon+Extensions.swift */; };
		B1BEBE822B138A6300EF70A9 /* HomeViewModel.swift in Sources */ = {isa = PBXBuildFile; fileRef = B1BEBE812B138A6300EF70A9 /* HomeViewModel.swift */; };
		B1C35DDB297AD71A00D59008 /* CommunityDetailView.swift in Sources */ = {isa = PBXBuildFile; fileRef = B1C35DDA297AD71A00D59008 /* CommunityDetailView.swift */; };
		B1C35DE2297ADDEC00D59008 /* LocationManager.swift in Sources */ = {isa = PBXBuildFile; fileRef = B1C35DE1297ADDEC00D59008 /* LocationManager.swift */; };
		B1C35DE4297ADF6C00D59008 /* CommunityDetailViewModel.swift in Sources */ = {isa = PBXBuildFile; fileRef = B1C35DE3297ADF6C00D59008 /* CommunityDetailViewModel.swift */; };
		B1C35DE6297AE23F00D59008 /* MapCalculations.swift in Sources */ = {isa = PBXBuildFile; fileRef = B1C35DE5297AE23F00D59008 /* MapCalculations.swift */; };
		B1C35DE8297B2EFF00D59008 /* NavBarTitleSubtitle.swift in Sources */ = {isa = PBXBuildFile; fileRef = B1C35DE7297B2EFF00D59008 /* NavBarTitleSubtitle.swift */; };
		B1C35DEA297B30E000D59008 /* Bounds.swift in Sources */ = {isa = PBXBuildFile; fileRef = B1C35DE9297B30E000D59008 /* Bounds.swift */; };
		B1C35DEC297B60E900D59008 /* ImageCircle.swift in Sources */ = {isa = PBXBuildFile; fileRef = B1C35DEB297B60E900D59008 /* ImageCircle.swift */; };
		B1C35DEE297B6E5400D59008 /* CommunityElementView.swift in Sources */ = {isa = PBXBuildFile; fileRef = B1C35DED297B6E5400D59008 /* CommunityElementView.swift */; };
		B1C35DF0297C0E8C00D59008 /* BoundedMap.swift in Sources */ = {isa = PBXBuildFile; fileRef = B1C35DEF297C0E8C00D59008 /* BoundedMap.swift */; };
		B1C35DF2297C1A5000D59008 /* ElementVerifyView.swift in Sources */ = {isa = PBXBuildFile; fileRef = B1C35DF1297C1A5000D59008 /* ElementVerifyView.swift */; };
		B1C35DF4297C1AAB00D59008 /* ElementTagsView.swift in Sources */ = {isa = PBXBuildFile; fileRef = B1C35DF3297C1AAB00D59008 /* ElementTagsView.swift */; };
		B1FAACE429E892C20020B3F1 /* LayersButtonsView.swift in Sources */ = {isa = PBXBuildFile; fileRef = B1FAACE329E892C20020B3F1 /* LayersButtonsView.swift */; };
		B1FAACE929E8DC910020B3F1 /* GlowingPolygonRenderer.swift in Sources */ = {isa = PBXBuildFile; fileRef = B1FAACE829E8DC910020B3F1 /* GlowingPolygonRenderer.swift */; };
		ED3AEF7729BF5E70003A63FF /* SettingsView.swift in Sources */ = {isa = PBXBuildFile; fileRef = ED3AEF7629BF5E70003A63FF /* SettingsView.swift */; };
/* End PBXBuildFile section */

/* Begin PBXFileReference section */
		2C2922592A3A1B4400189C5E /* en */ = {isa = PBXFileReference; lastKnownFileType = text.plist.strings; name = en; path = en.lproj/InfoPlist.strings; sourceTree = "<group>"; };
		2C29225B2A3A1B4700189C5E /* fr */ = {isa = PBXFileReference; lastKnownFileType = text.plist.strings; name = fr; path = fr.lproj/InfoPlist.strings; sourceTree = "<group>"; };
		2C29225C2A3A1B4900189C5E /* de */ = {isa = PBXFileReference; lastKnownFileType = text.plist.strings; name = de; path = de.lproj/InfoPlist.strings; sourceTree = "<group>"; };
		2C29225D2A3A1B4A00189C5E /* pt-BR */ = {isa = PBXFileReference; lastKnownFileType = text.plist.strings; name = "pt-BR"; path = "pt-BR.lproj/InfoPlist.strings"; sourceTree = "<group>"; };
		2C29225E2A3A1B4B00189C5E /* pt-PT */ = {isa = PBXFileReference; lastKnownFileType = text.plist.strings; name = "pt-PT"; path = "pt-PT.lproj/InfoPlist.strings"; sourceTree = "<group>"; };
		2C29225F2A3A1B4B00189C5E /* es */ = {isa = PBXFileReference; lastKnownFileType = text.plist.strings; name = es; path = es.lproj/InfoPlist.strings; sourceTree = "<group>"; };
		2C2922602A3A1D0700189C5E /* it */ = {isa = PBXFileReference; lastKnownFileType = text.plist.strings; name = it; path = it.lproj/Localizable.strings; sourceTree = "<group>"; };
		2C2922612A3A1D0700189C5E /* it */ = {isa = PBXFileReference; lastKnownFileType = text.plist.strings; name = it; path = it.lproj/InfoPlist.strings; sourceTree = "<group>"; };
		2C8D8B882A37AE7C005A48CF /* fr */ = {isa = PBXFileReference; lastKnownFileType = text.plist.strings; name = fr; path = fr.lproj/Localizable.strings; sourceTree = "<group>"; };
		2C8D8B8A2A37AE89005A48CF /* en */ = {isa = PBXFileReference; lastKnownFileType = text.plist.strings; name = en; path = en.lproj/Localizable.strings; sourceTree = "<group>"; };
		2C8D8B8C2A385047005A48CF /* es */ = {isa = PBXFileReference; lastKnownFileType = text.plist.strings; name = es; path = es.lproj/Localizable.strings; sourceTree = "<group>"; };
		2C8D8B8E2A3851D7005A48CF /* pt-PT */ = {isa = PBXFileReference; lastKnownFileType = text.plist.strings; name = "pt-PT"; path = "pt-PT.lproj/Localizable.strings"; sourceTree = "<group>"; };
		2C8D8B902A3852FE005A48CF /* pt-BR */ = {isa = PBXFileReference; lastKnownFileType = text.plist.strings; name = "pt-BR"; path = "pt-BR.lproj/Localizable.strings"; sourceTree = "<group>"; };
		2C8D8B922A3858E6005A48CF /* de */ = {isa = PBXFileReference; lastKnownFileType = text.plist.strings; name = de; path = de.lproj/Localizable.strings; sourceTree = "<group>"; };
		AD6914CA28E37F4600D9F34E /* BTCMap.app */ = {isa = PBXFileReference; explicitFileType = wrapper.application; includeInIndex = 0; path = BTCMap.app; sourceTree = BUILT_PRODUCTS_DIR; };
		AD6914CD28E37F4600D9F34E /* AppDelegate.swift */ = {isa = PBXFileReference; lastKnownFileType = sourcecode.swift; path = AppDelegate.swift; sourceTree = "<group>"; };
		AD6914CF28E37F4600D9F34E /* SceneDelegate.swift */ = {isa = PBXFileReference; lastKnownFileType = sourcecode.swift; path = SceneDelegate.swift; sourceTree = "<group>"; };
		AD6914D628E37F4800D9F34E /* Assets.xcassets */ = {isa = PBXFileReference; lastKnownFileType = folder.assetcatalog; path = Assets.xcassets; sourceTree = "<group>"; };
		AD6914D928E37F4800D9F34E /* Base */ = {isa = PBXFileReference; lastKnownFileType = file.storyboard; name = Base; path = Base.lproj/LaunchScreen.storyboard; sourceTree = "<group>"; };
		AD6914DB28E37F4800D9F34E /* Info.plist */ = {isa = PBXFileReference; lastKnownFileType = text.plist.xml; path = Info.plist; sourceTree = "<group>"; };
		AD6914E728E3814F00D9F34E /* MapViewController.swift */ = {isa = PBXFileReference; lastKnownFileType = sourcecode.swift; path = MapViewController.swift; sourceTree = "<group>"; };
		AD6914E828E3814F00D9F34E /* MapViewController.xib */ = {isa = PBXFileReference; lastKnownFileType = file.xib; path = MapViewController.xib; sourceTree = "<group>"; };
		AD7E331328E8278D004B1DFE /* REST.swift */ = {isa = PBXFileReference; lastKnownFileType = sourcecode.swift; path = REST.swift; sourceTree = "<group>"; };
		AD7E331828E831C2004B1DFE /* Localizable.swift */ = {isa = PBXFileReference; fileEncoding = 4; lastKnownFileType = sourcecode.swift; path = Localizable.swift; sourceTree = "<group>"; };
		AD7E331A28E8679D004B1DFE /* ElementMarkerEmoji.swift */ = {isa = PBXFileReference; lastKnownFileType = sourcecode.swift; path = ElementMarkerEmoji.swift; sourceTree = "<group>"; };
		AD7E331D28E8D2CF004B1DFE /* StyledLabel.swift */ = {isa = PBXFileReference; fileEncoding = 4; lastKnownFileType = sourcecode.swift; path = StyledLabel.swift; sourceTree = "<group>"; };
		AD8193EF28F2C7ED00CAB29C /* ElementDetailsItemView.swift */ = {isa = PBXFileReference; lastKnownFileType = sourcecode.swift; path = ElementDetailsItemView.swift; sourceTree = "<group>"; };
		AD8193F128F2C84400CAB29C /* ElementDetailsItemView.xib */ = {isa = PBXFileReference; lastKnownFileType = file.xib; path = ElementDetailsItemView.xib; sourceTree = "<group>"; };
		AD96B92B28E4B29400B558D4 /* ElementViewController.swift */ = {isa = PBXFileReference; lastKnownFileType = sourcecode.swift; path = ElementViewController.swift; sourceTree = "<group>"; };
		AD96B92C28E4B29400B558D4 /* ElementViewController.xib */ = {isa = PBXFileReference; lastKnownFileType = file.xib; path = ElementViewController.xib; sourceTree = "<group>"; };
		AD96B93128E4BB7100B558D4 /* API.swift */ = {isa = PBXFileReference; lastKnownFileType = sourcecode.swift; path = API.swift; sourceTree = "<group>"; };
		AD96B93328E4BC7400B558D4 /* ElementsRepository.swift */ = {isa = PBXFileReference; lastKnownFileType = sourcecode.swift; path = ElementsRepository.swift; sourceTree = "<group>"; };
		B117CA9629E636C40011BF7E /* OneTimeActions.swift */ = {isa = PBXFileReference; lastKnownFileType = sourcecode.swift; path = OneTimeActions.swift; sourceTree = "<group>"; };
		B120E8752B16BC1600AD1E96 /* NavigationManager.swift */ = {isa = PBXFileReference; lastKnownFileType = sourcecode.swift; path = NavigationManager.swift; sourceTree = "<group>"; };
		B125D58B2B18AAEB001A2CF2 /* User.swift */ = {isa = PBXFileReference; lastKnownFileType = sourcecode.swift; path = User.swift; sourceTree = "<group>"; };
		B125D58D2B18AB27001A2CF2 /* Event.swift */ = {isa = PBXFileReference; lastKnownFileType = sourcecode.swift; path = Event.swift; sourceTree = "<group>"; };
		B125D58F2B18AB43001A2CF2 /* Area.swift */ = {isa = PBXFileReference; lastKnownFileType = sourcecode.swift; path = Area.swift; sourceTree = "<group>"; };
		B125D5912B18AB5F001A2CF2 /* Element.swift */ = {isa = PBXFileReference; lastKnownFileType = sourcecode.swift; path = Element.swift; sourceTree = "<group>"; };
		B12C37FF2B10DFE5002B0352 /* ElementRowView.swift */ = {isa = PBXFileReference; lastKnownFileType = sourcecode.swift; path = ElementRowView.swift; sourceTree = "<group>"; };
		B12C38022B10E0F5002B0352 /* NoElementsView.swift */ = {isa = PBXFileReference; lastKnownFileType = sourcecode.swift; path = NoElementsView.swift; sourceTree = "<group>"; };
		B139597E2B0EB780000874B4 /* ElementsListView.swift */ = {isa = PBXFileReference; lastKnownFileType = sourcecode.swift; path = ElementsListView.swift; sourceTree = "<group>"; };
		B1459B5E2979FCC6006D376B /* AreasRepository.swift */ = {isa = PBXFileReference; lastKnownFileType = sourcecode.swift; path = AreasRepository.swift; sourceTree = "<group>"; };
		B1459B602979FCE9006D376B /* RepositoryProtocol.swift */ = {isa = PBXFileReference; lastKnownFileType = sourcecode.swift; path = RepositoryProtocol.swift; sourceTree = "<group>"; };
		B1459B62297A0F5F006D376B /* elements.json */ = {isa = PBXFileReference; lastKnownFileType = text.json; path = elements.json; sourceTree = "<group>"; };
		B14855FA29E25A2E00613C6A /* CLLocationCoordinate2D+Extensions.swift */ = {isa = PBXFileReference; lastKnownFileType = sourcecode.swift; path = "CLLocationCoordinate2D+Extensions.swift"; sourceTree = "<group>"; };
		B155BADA2985F4D500A25265 /* AppState.swift */ = {isa = PBXFileReference; lastKnownFileType = sourcecode.swift; path = AppState.swift; sourceTree = "<group>"; };
		B17F30A42957CA2000926E4F /* OptionsView.swift */ = {isa = PBXFileReference; lastKnownFileType = sourcecode.swift; path = OptionsView.swift; sourceTree = "<group>"; };
		B17F30A62957CB4300926E4F /* DonateView.swift */ = {isa = PBXFileReference; lastKnownFileType = sourcecode.swift; path = DonateView.swift; sourceTree = "<group>"; };
		B17F30A82957CBD000926E4F /* RoundedPillButton.swift */ = {isa = PBXFileReference; lastKnownFileType = sourcecode.swift; path = RoundedPillButton.swift; sourceTree = "<group>"; };
		B17F30AB2958FCE900926E4F /* String+URLEncode.swift */ = {isa = PBXFileReference; lastKnownFileType = sourcecode.swift; path = "String+URLEncode.swift"; sourceTree = "<group>"; };
		B17F30AD2959530300926E4F /* CommunitiesView.swift */ = {isa = PBXFileReference; lastKnownFileType = sourcecode.swift; path = CommunitiesView.swift; sourceTree = "<group>"; };
		B17F30B3295A599200926E4F /* MapAnnotationView.swift */ = {isa = PBXFileReference; lastKnownFileType = sourcecode.swift; path = MapAnnotationView.swift; sourceTree = "<group>"; };
		B17F30B5295A5C1300926E4F /* String+UIImage.swift */ = {isa = PBXFileReference; lastKnownFileType = sourcecode.swift; path = "String+UIImage.swift"; sourceTree = "<group>"; };
		B17F30B92963061900926E4F /* ElementSystemImages.swift */ = {isa = PBXFileReference; lastKnownFileType = sourcecode.swift; path = ElementSystemImages.swift; sourceTree = "<group>"; };
		B17F30BC2963196800926E4F /* CountClusterAnnotationView.swift */ = {isa = PBXFileReference; lastKnownFileType = sourcecode.swift; path = CountClusterAnnotationView.swift; sourceTree = "<group>"; };
		B17F30BE296319B700926E4F /* MarkerAnnotationView.swift */ = {isa = PBXFileReference; lastKnownFileType = sourcecode.swift; path = MarkerAnnotationView.swift; sourceTree = "<group>"; };
		B1926FBB29E3460C00512641 /* GEOSwift+Extensions.swift */ = {isa = PBXFileReference; lastKnownFileType = sourcecode.swift; path = "GEOSwift+Extensions.swift"; sourceTree = "<group>"; };
		B1926FBD29E3774400512641 /* SearchBar.swift */ = {isa = PBXFileReference; lastKnownFileType = sourcecode.swift; path = SearchBar.swift; sourceTree = "<group>"; };
		B1AFEEA62954D90F007C2D0A /* Color+BTCMap.swift */ = {isa = PBXFileReference; lastKnownFileType = sourcecode.swift; path = "Color+BTCMap.swift"; sourceTree = "<group>"; };
		B1AFEEA82956BA4D007C2D0A /* ElementView.swift */ = {isa = PBXFileReference; lastKnownFileType = sourcecode.swift; path = ElementView.swift; sourceTree = "<group>"; };
		B1AFEEAA29573EFB007C2D0A /* Home.swift */ = {isa = PBXFileReference; lastKnownFileType = sourcecode.swift; path = Home.swift; sourceTree = "<group>"; };
		B1AFEEAC29573F93007C2D0A /* MapViewControllerWrapper.swift */ = {isa = PBXFileReference; lastKnownFileType = sourcecode.swift; path = MapViewControllerWrapper.swift; sourceTree = "<group>"; };
		B1AFEEAE295742FB007C2D0A /* ElementViewModel.swift */ = {isa = PBXFileReference; lastKnownFileType = sourcecode.swift; path = ElementViewModel.swift; sourceTree = "<group>"; };
		B1AFEEB2295747D8007C2D0A /* mock_element.json */ = {isa = PBXFileReference; lastKnownFileType = text.json; path = mock_element.json; sourceTree = "<group>"; };
		B1AFEEB429574FE7007C2D0A /* mock_event.json */ = {isa = PBXFileReference; lastKnownFileType = text.json; path = mock_event.json; sourceTree = "<group>"; };
		B1AFEEB629575004007C2D0A /* mock_user.json */ = {isa = PBXFileReference; lastKnownFileType = text.json; path = mock_user.json; sourceTree = "<group>"; };
		B1AFEEBA29575036007C2D0A /* mock_area.json */ = {isa = PBXFileReference; lastKnownFileType = text.json; path = mock_area.json; sourceTree = "<group>"; };
		B1AFEEBC29575053007C2D0A /* mock_report.json */ = {isa = PBXFileReference; lastKnownFileType = text.json; path = mock_report.json; sourceTree = "<group>"; };
		B1BD47E529E9A0DB0035E0CC /* MKPolygon+Extensions.swift */ = {isa = PBXFileReference; lastKnownFileType = sourcecode.swift; path = "MKPolygon+Extensions.swift"; sourceTree = "<group>"; };
		B1BEBE812B138A6300EF70A9 /* HomeViewModel.swift */ = {isa = PBXFileReference; lastKnownFileType = sourcecode.swift; path = HomeViewModel.swift; sourceTree = "<group>"; };
		B1C35DDA297AD71A00D59008 /* CommunityDetailView.swift */ = {isa = PBXFileReference; lastKnownFileType = sourcecode.swift; path = CommunityDetailView.swift; sourceTree = "<group>"; };
		B1C35DE1297ADDEC00D59008 /* LocationManager.swift */ = {isa = PBXFileReference; lastKnownFileType = sourcecode.swift; path = LocationManager.swift; sourceTree = "<group>"; };
		B1C35DE3297ADF6C00D59008 /* CommunityDetailViewModel.swift */ = {isa = PBXFileReference; lastKnownFileType = sourcecode.swift; path = CommunityDetailViewModel.swift; sourceTree = "<group>"; };
		B1C35DE5297AE23F00D59008 /* MapCalculations.swift */ = {isa = PBXFileReference; lastKnownFileType = sourcecode.swift; path = MapCalculations.swift; sourceTree = "<group>"; };
		B1C35DE7297B2EFF00D59008 /* NavBarTitleSubtitle.swift */ = {isa = PBXFileReference; lastKnownFileType = sourcecode.swift; path = NavBarTitleSubtitle.swift; sourceTree = "<group>"; };
		B1C35DE9297B30E000D59008 /* Bounds.swift */ = {isa = PBXFileReference; lastKnownFileType = sourcecode.swift; path = Bounds.swift; sourceTree = "<group>"; };
		B1C35DEB297B60E900D59008 /* ImageCircle.swift */ = {isa = PBXFileReference; lastKnownFileType = sourcecode.swift; path = ImageCircle.swift; sourceTree = "<group>"; };
		B1C35DED297B6E5400D59008 /* CommunityElementView.swift */ = {isa = PBXFileReference; lastKnownFileType = sourcecode.swift; path = CommunityElementView.swift; sourceTree = "<group>"; };
		B1C35DEF297C0E8C00D59008 /* BoundedMap.swift */ = {isa = PBXFileReference; lastKnownFileType = sourcecode.swift; path = BoundedMap.swift; sourceTree = "<group>"; };
		B1C35DF1297C1A5000D59008 /* ElementVerifyView.swift */ = {isa = PBXFileReference; lastKnownFileType = sourcecode.swift; path = ElementVerifyView.swift; sourceTree = "<group>"; };
		B1C35DF3297C1AAB00D59008 /* ElementTagsView.swift */ = {isa = PBXFileReference; lastKnownFileType = sourcecode.swift; path = ElementTagsView.swift; sourceTree = "<group>"; };
		B1FAACE329E892C20020B3F1 /* LayersButtonsView.swift */ = {isa = PBXFileReference; lastKnownFileType = sourcecode.swift; path = LayersButtonsView.swift; sourceTree = "<group>"; };
		B1FAACE829E8DC910020B3F1 /* GlowingPolygonRenderer.swift */ = {isa = PBXFileReference; lastKnownFileType = sourcecode.swift; path = GlowingPolygonRenderer.swift; sourceTree = "<group>"; };
		ED3AEF7629BF5E70003A63FF /* SettingsView.swift */ = {isa = PBXFileReference; lastKnownFileType = sourcecode.swift; path = SettingsView.swift; sourceTree = "<group>"; };
/* End PBXFileReference section */

/* Begin PBXFrameworksBuildPhase section */
		AD6914C728E37F4600D9F34E /* Frameworks */ = {
			isa = PBXFrameworksBuildPhase;
			buildActionMask = 2147483647;
			files = (
				B14855F929E24F7F00613C6A /* GEOSwift in Frameworks */,
				B155BAD6298589FF00A25265 /* Cluster in Frameworks */,
			);
			runOnlyForDeploymentPostprocessing = 0;
		};
/* End PBXFrameworksBuildPhase section */

/* Begin PBXGroup section */
		AD6914C128E37F4600D9F34E = {
			isa = PBXGroup;
			children = (
				AD6914CC28E37F4600D9F34E /* BTCMap */,
				AD6914CB28E37F4600D9F34E /* Products */,
			);
			sourceTree = "<group>";
		};
		AD6914CB28E37F4600D9F34E /* Products */ = {
			isa = PBXGroup;
			children = (
				AD6914CA28E37F4600D9F34E /* BTCMap.app */,
			);
			name = Products;
			sourceTree = "<group>";
		};
		AD6914CC28E37F4600D9F34E /* BTCMap */ = {
			isa = PBXGroup;
			children = (
				AD6914E128E380B000D9F34E /* Sources */,
				AD6914E228E380CA00D9F34E /* Resources */,
				AD6914E328E380D300D9F34E /* Others */,
			);
			path = BTCMap;
			sourceTree = "<group>";
		};
		AD6914E128E380B000D9F34E /* Sources */ = {
			isa = PBXGroup;
			children = (
				B117CA9529E636B70011BF7E /* Utilities */,
				B155BADA2985F4D500A25265 /* AppState.swift */,
				B1C35DE0297ADDDF00D59008 /* Managers */,
				B1459B5D2979FC71006D376B /* Repositories */,
				B1459B5C2979FC67006D376B /* Service */,
				AD7E331728E831B4004B1DFE /* Extensions */,
				AD6914E428E380E300D9F34E /* Models */,
				AD6914E528E380E800D9F34E /* Views & ViewModels */,
				AD6914CD28E37F4600D9F34E /* AppDelegate.swift */,
				AD6914CF28E37F4600D9F34E /* SceneDelegate.swift */,
			);
			name = Sources;
			sourceTree = "<group>";
		};
		AD6914E228E380CA00D9F34E /* Resources */ = {
			isa = PBXGroup;
			children = (
				2C8D8B892A37AE7C005A48CF /* Localizable.strings */,
				AD6914D628E37F4800D9F34E /* Assets.xcassets */,
				AD6914D828E37F4800D9F34E /* LaunchScreen.storyboard */,
				B1AFEEB1295747AD007C2D0A /* Mocks */,
				B1459B62297A0F5F006D376B /* elements.json */,
			);
			name = Resources;
			sourceTree = "<group>";
		};
		AD6914E328E380D300D9F34E /* Others */ = {
			isa = PBXGroup;
			children = (
				AD6914DB28E37F4800D9F34E /* Info.plist */,
				2C29225A2A3A1B4400189C5E /* InfoPlist.strings */,
			);
			name = Others;
			sourceTree = "<group>";
		};
		AD6914E428E380E300D9F34E /* Models */ = {
			isa = PBXGroup;
			children = (
				AD7E331A28E8679D004B1DFE /* ElementMarkerEmoji.swift */,
				B17F30B92963061900926E4F /* ElementSystemImages.swift */,
				B1C35DE9297B30E000D59008 /* Bounds.swift */,
			);
			name = Models;
			sourceTree = "<group>";
		};
		AD6914E528E380E800D9F34E /* Views & ViewModels */ = {
			isa = PBXGroup;
			children = (
				B139597D2B0EB635000874B4 /* Home */,
				B1CE7E5E29772FCD0099AC1C /* Communities */,
				B17F30A62957CB4300926E4F /* DonateView.swift */,
				B17F30A42957CA2000926E4F /* OptionsView.swift */,
				ED3AEF7629BF5E70003A63FF /* SettingsView.swift */,
				AD7E331C28E8D275004B1DFE /* Common */,
				AD6914E628E3813B00D9F34E /* Map */,
				AD96B92A28E4B28600B558D4 /* Elements */,
			);
			name = "Views & ViewModels";
			sourceTree = "<group>";
		};
		AD6914E628E3813B00D9F34E /* Map */ = {
			isa = PBXGroup;
			children = (
				B1FAACE529E8C54B0020B3F1 /* Polygon */,
				B1C35DEF297C0E8C00D59008 /* BoundedMap.swift */,
				B17F30BB2963194700926E4F /* AnnotationViews */,
				AD6914E728E3814F00D9F34E /* MapViewController.swift */,
				AD6914E828E3814F00D9F34E /* MapViewController.xib */,
				B1AFEEAC29573F93007C2D0A /* MapViewControllerWrapper.swift */,
			);
			name = Map;
			sourceTree = "<group>";
		};
		AD7E331728E831B4004B1DFE /* Extensions */ = {
			isa = PBXGroup;
			children = (
				AD7E331828E831C2004B1DFE /* Localizable.swift */,
				B1AFEEA62954D90F007C2D0A /* Color+BTCMap.swift */,
				B17F30AB2958FCE900926E4F /* String+URLEncode.swift */,
				B17F30B5295A5C1300926E4F /* String+UIImage.swift */,
				B1C35DE5297AE23F00D59008 /* MapCalculations.swift */,
				B14855FA29E25A2E00613C6A /* CLLocationCoordinate2D+Extensions.swift */,
				B1926FBB29E3460C00512641 /* GEOSwift+Extensions.swift */,
			);
			name = Extensions;
			sourceTree = "<group>";
		};
		AD7E331C28E8D275004B1DFE /* Common */ = {
			isa = PBXGroup;
			children = (
				B17F309E2957788900926E4F /* SwiftUI */,
				B17F309D2957788000926E4F /* UIKit */,
			);
			name = Common;
			sourceTree = "<group>";
		};
		AD8193EE28F2C7D400CAB29C /* Views */ = {
			isa = PBXGroup;
			children = (
				B1AFEEB02957476A007C2D0A /* Deprecated */,
				B1AFEEA82956BA4D007C2D0A /* ElementView.swift */,
				B1C35DF3297C1AAB00D59008 /* ElementTagsView.swift */,
				B1AFEEAE295742FB007C2D0A /* ElementViewModel.swift */,
				B1C35DF1297C1A5000D59008 /* ElementVerifyView.swift */,
			);
			name = Views;
			sourceTree = "<group>";
		};
		AD96B92A28E4B28600B558D4 /* Elements */ = {
			isa = PBXGroup;
			children = (
				B12C38012B10E0E6002B0352 /* ElementsList */,
				AD8193EE28F2C7D400CAB29C /* Views */,
			);
			name = Elements;
			sourceTree = "<group>";
		};
		B117CA9529E636B70011BF7E /* Utilities */ = {
			isa = PBXGroup;
			children = (
				B117CA9629E636C40011BF7E /* OneTimeActions.swift */,
			);
			name = Utilities;
			sourceTree = "<group>";
		};
		B125D58A2B18AAE3001A2CF2 /* Models */ = {
			isa = PBXGroup;
			children = (
				B125D58B2B18AAEB001A2CF2 /* User.swift */,
				B125D58D2B18AB27001A2CF2 /* Event.swift */,
				B125D58F2B18AB43001A2CF2 /* Area.swift */,
				B125D5912B18AB5F001A2CF2 /* Element.swift */,
			);
			name = Models;
			sourceTree = "<group>";
		};
		B12C38012B10E0E6002B0352 /* ElementsList */ = {
			isa = PBXGroup;
			children = (
				B139597E2B0EB780000874B4 /* ElementsListView.swift */,
				B12C37FF2B10DFE5002B0352 /* ElementRowView.swift */,
				B12C38022B10E0F5002B0352 /* NoElementsView.swift */,
			);
			name = ElementsList;
			sourceTree = "<group>";
		};
		B139597D2B0EB635000874B4 /* Home */ = {
			isa = PBXGroup;
			children = (
				B1AFEEAA29573EFB007C2D0A /* Home.swift */,
				B1BEBE812B138A6300EF70A9 /* HomeViewModel.swift */,
			);
			name = Home;
			sourceTree = "<group>";
		};
		B1459B5C2979FC67006D376B /* Service */ = {
			isa = PBXGroup;
			children = (
				B125D58A2B18AAE3001A2CF2 /* Models */,
				AD7E331328E8278D004B1DFE /* REST.swift */,
				AD96B93128E4BB7100B558D4 /* API.swift */,
			);
			name = Service;
			sourceTree = "<group>";
		};
		B1459B5D2979FC71006D376B /* Repositories */ = {
			isa = PBXGroup;
			children = (
				AD96B93328E4BC7400B558D4 /* ElementsRepository.swift */,
				B1459B5E2979FCC6006D376B /* AreasRepository.swift */,
				B1459B602979FCE9006D376B /* RepositoryProtocol.swift */,
			);
			name = Repositories;
			sourceTree = "<group>";
		};
		B17F309D2957788000926E4F /* UIKit */ = {
			isa = PBXGroup;
			children = (
				AD7E331D28E8D2CF004B1DFE /* StyledLabel.swift */,
			);
			name = UIKit;
			sourceTree = "<group>";
		};
		B17F309E2957788900926E4F /* SwiftUI */ = {
			isa = PBXGroup;
			children = (
				B17F30A82957CBD000926E4F /* RoundedPillButton.swift */,
				B1C35DE7297B2EFF00D59008 /* NavBarTitleSubtitle.swift */,
				B1C35DEB297B60E900D59008 /* ImageCircle.swift */,
				B1926FBD29E3774400512641 /* SearchBar.swift */,
				B1FAACE329E892C20020B3F1 /* LayersButtonsView.swift */,
			);
			name = SwiftUI;
			sourceTree = "<group>";
		};
		B17F30BB2963194700926E4F /* AnnotationViews */ = {
			isa = PBXGroup;
			children = (
				B17F30B3295A599200926E4F /* MapAnnotationView.swift */,
				B17F30BC2963196800926E4F /* CountClusterAnnotationView.swift */,
				B17F30BE296319B700926E4F /* MarkerAnnotationView.swift */,
			);
			name = AnnotationViews;
			sourceTree = "<group>";
		};
		B1AFEEB02957476A007C2D0A /* Deprecated */ = {
			isa = PBXGroup;
			children = (
				AD96B92B28E4B29400B558D4 /* ElementViewController.swift */,
				AD96B92C28E4B29400B558D4 /* ElementViewController.xib */,
				AD8193EF28F2C7ED00CAB29C /* ElementDetailsItemView.swift */,
				AD8193F128F2C84400CAB29C /* ElementDetailsItemView.xib */,
			);
			name = Deprecated;
			sourceTree = "<group>";
		};
		B1AFEEB1295747AD007C2D0A /* Mocks */ = {
			isa = PBXGroup;
			children = (
				B1AFEEB2295747D8007C2D0A /* mock_element.json */,
				B1AFEEB429574FE7007C2D0A /* mock_event.json */,
				B1AFEEB629575004007C2D0A /* mock_user.json */,
				B1AFEEBA29575036007C2D0A /* mock_area.json */,
				B1AFEEBC29575053007C2D0A /* mock_report.json */,
			);
			name = Mocks;
			sourceTree = "<group>";
		};
		B1C35DE0297ADDDF00D59008 /* Managers */ = {
			isa = PBXGroup;
			children = (
				B1C35DE1297ADDEC00D59008 /* LocationManager.swift */,
				B120E8752B16BC1600AD1E96 /* NavigationManager.swift */,
			);
			name = Managers;
			sourceTree = "<group>";
		};
		B1CE7E5E29772FCD0099AC1C /* Communities */ = {
			isa = PBXGroup;
			children = (
				B17F30AD2959530300926E4F /* CommunitiesView.swift */,
				B1C35DDA297AD71A00D59008 /* CommunityDetailView.swift */,
				B1C35DE3297ADF6C00D59008 /* CommunityDetailViewModel.swift */,
				B1C35DED297B6E5400D59008 /* CommunityElementView.swift */,
			);
			name = Communities;
			sourceTree = "<group>";
		};
		B1FAACE529E8C54B0020B3F1 /* Polygon */ = {
			isa = PBXGroup;
			children = (
				B1FAACE829E8DC910020B3F1 /* GlowingPolygonRenderer.swift */,
				B1BD47E529E9A0DB0035E0CC /* MKPolygon+Extensions.swift */,
			);
			name = Polygon;
			sourceTree = "<group>";
		};
/* End PBXGroup section */

/* Begin PBXNativeTarget section */
		AD6914C928E37F4600D9F34E /* BTCMap */ = {
			isa = PBXNativeTarget;
			buildConfigurationList = AD6914DE28E37F4800D9F34E /* Build configuration list for PBXNativeTarget "BTCMap" */;
			buildPhases = (
				AD6914C628E37F4600D9F34E /* Sources */,
				AD6914C728E37F4600D9F34E /* Frameworks */,
				AD6914C828E37F4600D9F34E /* Resources */,
			);
			buildRules = (
			);
			dependencies = (
			);
			name = BTCMap;
			packageProductDependencies = (
				B155BAD5298589FF00A25265 /* Cluster */,
				B14855F829E24F7F00613C6A /* GEOSwift */,
			);
			productName = BTCMap;
			productReference = AD6914CA28E37F4600D9F34E /* BTCMap.app */;
			productType = "com.apple.product-type.application";
		};
/* End PBXNativeTarget section */

/* Begin PBXProject section */
		AD6914C228E37F4600D9F34E /* Project object */ = {
			isa = PBXProject;
			attributes = {
				BuildIndependentTargetsInParallel = 1;
				LastSwiftUpdateCheck = 1400;
				LastUpgradeCheck = 1400;
				TargetAttributes = {
					AD6914C928E37F4600D9F34E = {
						CreatedOnToolsVersion = 14.0;
					};
				};
			};
			buildConfigurationList = AD6914C528E37F4600D9F34E /* Build configuration list for PBXProject "BTCMap" */;
			compatibilityVersion = "Xcode 14.0";
			developmentRegion = en;
			hasScannedForEncodings = 0;
			knownRegions = (
				en,
				Base,
				fr,
				es,
				"pt-PT",
				"pt-BR",
				de,
				it,
			);
			mainGroup = AD6914C128E37F4600D9F34E;
			packageReferences = (
				B155BAD4298589FF00A25265 /* XCRemoteSwiftPackageReference "Cluster" */,
				B14855F729E24F7F00613C6A /* XCRemoteSwiftPackageReference "GEOSwift" */,
			);
			productRefGroup = AD6914CB28E37F4600D9F34E /* Products */;
			projectDirPath = "";
			projectRoot = "";
			targets = (
				AD6914C928E37F4600D9F34E /* BTCMap */,
			);
		};
/* End PBXProject section */

/* Begin PBXResourcesBuildPhase section */
		AD6914C828E37F4600D9F34E /* Resources */ = {
			isa = PBXResourcesBuildPhase;
			buildActionMask = 2147483647;
			files = (
				B1AFEEB729575004007C2D0A /* mock_user.json in Resources */,
				AD6914DA28E37F4800D9F34E /* LaunchScreen.storyboard in Resources */,
				B1AFEEBB29575036007C2D0A /* mock_area.json in Resources */,
				2C2922582A3A1B4400189C5E /* InfoPlist.strings in Resources */,
				2C8D8B872A37AE7C005A48CF /* Localizable.strings in Resources */,
				B1AFEEB529574FE7007C2D0A /* mock_event.json in Resources */,
				AD8193F228F2C84400CAB29C /* ElementDetailsItemView.xib in Resources */,
				B1AFEEB3295747D8007C2D0A /* mock_element.json in Resources */,
				B1AFEEBD29575053007C2D0A /* mock_report.json in Resources */,
				AD6914EA28E3814F00D9F34E /* MapViewController.xib in Resources */,
				AD96B92E28E4B29400B558D4 /* ElementViewController.xib in Resources */,
				B1459B63297A0F5F006D376B /* elements.json in Resources */,
				AD6914D728E37F4800D9F34E /* Assets.xcassets in Resources */,
			);
			runOnlyForDeploymentPostprocessing = 0;
		};
/* End PBXResourcesBuildPhase section */

/* Begin PBXSourcesBuildPhase section */
		AD6914C628E37F4600D9F34E /* Sources */ = {
			isa = PBXSourcesBuildPhase;
			buildActionMask = 2147483647;
			files = (
				B17F30B4295A599200926E4F /* MapAnnotationView.swift in Sources */,
				B17F30AE2959530300926E4F /* CommunitiesView.swift in Sources */,
				B1AFEEA92956BA4D007C2D0A /* ElementView.swift in Sources */,
				B17F30A92957CBD000926E4F /* RoundedPillButton.swift in Sources */,
				B12C38032B10E0F5002B0352 /* NoElementsView.swift in Sources */,
				B17F30A72957CB4300926E4F /* DonateView.swift in Sources */,
				B1459B612979FCE9006D376B /* RepositoryProtocol.swift in Sources */,
				B1FAACE429E892C20020B3F1 /* LayersButtonsView.swift in Sources */,
				AD96B93428E4BC7400B558D4 /* ElementsRepository.swift in Sources */,
				B17F30B6295A5C1300926E4F /* String+UIImage.swift in Sources */,
				B155BADB2985F4D500A25265 /* AppState.swift in Sources */,
				B1C35DF0297C0E8C00D59008 /* BoundedMap.swift in Sources */,
				B1C35DE6297AE23F00D59008 /* MapCalculations.swift in Sources */,
				AD6914CE28E37F4600D9F34E /* AppDelegate.swift in Sources */,
				B1AFEEA72954D90F007C2D0A /* Color+BTCMap.swift in Sources */,
				B14855FB29E25A2E00613C6A /* CLLocationCoordinate2D+Extensions.swift in Sources */,
				B1BEBE822B138A6300EF70A9 /* HomeViewModel.swift in Sources */,
				B1C35DF4297C1AAB00D59008 /* ElementTagsView.swift in Sources */,
				B1C35DF2297C1A5000D59008 /* ElementVerifyView.swift in Sources */,
				AD6914E928E3814F00D9F34E /* MapViewController.swift in Sources */,
				AD7E331428E8278D004B1DFE /* REST.swift in Sources */,
				B17F30BD2963196800926E4F /* CountClusterAnnotationView.swift in Sources */,
				B125D5902B18AB43001A2CF2 /* Area.swift in Sources */,
				B1459B5F2979FCC6006D376B /* AreasRepository.swift in Sources */,
				B1C35DE4297ADF6C00D59008 /* CommunityDetailViewModel.swift in Sources */,
				B1C35DE2297ADDEC00D59008 /* LocationManager.swift in Sources */,
				B139597F2B0EB780000874B4 /* ElementsListView.swift in Sources */,
				ED3AEF7729BF5E70003A63FF /* SettingsView.swift in Sources */,
				B1AFEEAB29573EFB007C2D0A /* Home.swift in Sources */,
				B1C35DE8297B2EFF00D59008 /* NavBarTitleSubtitle.swift in Sources */,
				B1AFEEAF295742FB007C2D0A /* ElementViewModel.swift in Sources */,
				AD7E331B28E8679D004B1DFE /* ElementMarkerEmoji.swift in Sources */,
				B120E8762B16BC1600AD1E96 /* NavigationManager.swift in Sources */,
				B125D58C2B18AAEB001A2CF2 /* User.swift in Sources */,
				B1C35DEE297B6E5400D59008 /* CommunityElementView.swift in Sources */,
				B125D58E2B18AB27001A2CF2 /* Event.swift in Sources */,
				AD6914D028E37F4600D9F34E /* SceneDelegate.swift in Sources */,
				B17F30A52957CA2000926E4F /* OptionsView.swift in Sources */,
				B117CA9729E636C40011BF7E /* OneTimeActions.swift in Sources */,
				B1926FBC29E3460C00512641 /* GEOSwift+Extensions.swift in Sources */,
				B1926FBE29E3774400512641 /* SearchBar.swift in Sources */,
				B1BD47E629E9A0DB0035E0CC /* MKPolygon+Extensions.swift in Sources */,
				AD8193F028F2C7ED00CAB29C /* ElementDetailsItemView.swift in Sources */,
				B1FAACE929E8DC910020B3F1 /* GlowingPolygonRenderer.swift in Sources */,
				B12C38002B10DFE5002B0352 /* ElementRowView.swift in Sources */,
				B17F30AC2958FCE900926E4F /* String+URLEncode.swift in Sources */,
				AD96B92D28E4B29400B558D4 /* ElementViewController.swift in Sources */,
				AD7E331928E831C2004B1DFE /* Localizable.swift in Sources */,
				B1AFEEAD29573F93007C2D0A /* MapViewControllerWrapper.swift in Sources */,
				B17F30BA2963061900926E4F /* ElementSystemImages.swift in Sources */,
				B1C35DEA297B30E000D59008 /* Bounds.swift in Sources */,
				B17F30BF296319B700926E4F /* MarkerAnnotationView.swift in Sources */,
				AD96B93228E4BB7100B558D4 /* API.swift in Sources */,
				B1C35DEC297B60E900D59008 /* ImageCircle.swift in Sources */,
				AD7E331E28E8D2CF004B1DFE /* StyledLabel.swift in Sources */,
				B1C35DDB297AD71A00D59008 /* CommunityDetailView.swift in Sources */,
				B125D5922B18AB5F001A2CF2 /* Element.swift in Sources */,
			);
			runOnlyForDeploymentPostprocessing = 0;
		};
/* End PBXSourcesBuildPhase section */

/* Begin PBXVariantGroup section */
		2C29225A2A3A1B4400189C5E /* InfoPlist.strings */ = {
			isa = PBXVariantGroup;
			children = (
				2C2922592A3A1B4400189C5E /* en */,
				2C29225B2A3A1B4700189C5E /* fr */,
				2C29225C2A3A1B4900189C5E /* de */,
				2C29225D2A3A1B4A00189C5E /* pt-BR */,
				2C29225E2A3A1B4B00189C5E /* pt-PT */,
				2C29225F2A3A1B4B00189C5E /* es */,
				2C2922612A3A1D0700189C5E /* it */,
			);
			name = InfoPlist.strings;
			sourceTree = "<group>";
		};
		2C8D8B892A37AE7C005A48CF /* Localizable.strings */ = {
			isa = PBXVariantGroup;
			children = (
				2C8D8B882A37AE7C005A48CF /* fr */,
				2C8D8B8A2A37AE89005A48CF /* en */,
				2C8D8B8C2A385047005A48CF /* es */,
				2C8D8B8E2A3851D7005A48CF /* pt-PT */,
				2C8D8B902A3852FE005A48CF /* pt-BR */,
				2C8D8B922A3858E6005A48CF /* de */,
				2C2922602A3A1D0700189C5E /* it */,
			);
			name = Localizable.strings;
			sourceTree = "<group>";
		};
		AD6914D828E37F4800D9F34E /* LaunchScreen.storyboard */ = {
			isa = PBXVariantGroup;
			children = (
				AD6914D928E37F4800D9F34E /* Base */,
			);
			name = LaunchScreen.storyboard;
			sourceTree = "<group>";
		};
/* End PBXVariantGroup section */

/* Begin XCBuildConfiguration section */
		AD6914DC28E37F4800D9F34E /* Debug */ = {
			isa = XCBuildConfiguration;
			buildSettings = {
				ALWAYS_SEARCH_USER_PATHS = NO;
				CLANG_ANALYZER_LOCALIZABILITY_NONLOCALIZED = YES;
				CLANG_ANALYZER_NONNULL = YES;
				CLANG_ANALYZER_NUMBER_OBJECT_CONVERSION = YES_AGGRESSIVE;
				CLANG_CXX_LANGUAGE_STANDARD = "gnu++20";
				CLANG_ENABLE_MODULES = YES;
				CLANG_ENABLE_OBJC_ARC = YES;
				CLANG_ENABLE_OBJC_WEAK = YES;
				CLANG_WARN_BLOCK_CAPTURE_AUTORELEASING = YES;
				CLANG_WARN_BOOL_CONVERSION = YES;
				CLANG_WARN_COMMA = YES;
				CLANG_WARN_CONSTANT_CONVERSION = YES;
				CLANG_WARN_DEPRECATED_OBJC_IMPLEMENTATIONS = YES;
				CLANG_WARN_DIRECT_OBJC_ISA_USAGE = YES_ERROR;
				CLANG_WARN_DOCUMENTATION_COMMENTS = YES;
				CLANG_WARN_EMPTY_BODY = YES;
				CLANG_WARN_ENUM_CONVERSION = YES;
				CLANG_WARN_INFINITE_RECURSION = YES;
				CLANG_WARN_INT_CONVERSION = YES;
				CLANG_WARN_NON_LITERAL_NULL_CONVERSION = YES;
				CLANG_WARN_OBJC_IMPLICIT_RETAIN_SELF = YES;
				CLANG_WARN_OBJC_LITERAL_CONVERSION = YES;
				CLANG_WARN_OBJC_ROOT_CLASS = YES_ERROR;
				CLANG_WARN_QUOTED_INCLUDE_IN_FRAMEWORK_HEADER = YES;
				CLANG_WARN_RANGE_LOOP_ANALYSIS = YES;
				CLANG_WARN_STRICT_PROTOTYPES = YES;
				CLANG_WARN_SUSPICIOUS_MOVE = YES;
				CLANG_WARN_UNGUARDED_AVAILABILITY = YES_AGGRESSIVE;
				CLANG_WARN_UNREACHABLE_CODE = YES;
				CLANG_WARN__DUPLICATE_METHOD_MATCH = YES;
				COPY_PHASE_STRIP = NO;
				DEBUG_INFORMATION_FORMAT = dwarf;
				ENABLE_STRICT_OBJC_MSGSEND = YES;
				ENABLE_TESTABILITY = YES;
				GCC_C_LANGUAGE_STANDARD = gnu11;
				GCC_DYNAMIC_NO_PIC = NO;
				GCC_NO_COMMON_BLOCKS = YES;
				GCC_OPTIMIZATION_LEVEL = 0;
				GCC_PREPROCESSOR_DEFINITIONS = (
					"DEBUG=1",
					"$(inherited)",
				);
				GCC_WARN_64_TO_32_BIT_CONVERSION = YES;
				GCC_WARN_ABOUT_RETURN_TYPE = YES_ERROR;
				GCC_WARN_UNDECLARED_SELECTOR = YES;
				GCC_WARN_UNINITIALIZED_AUTOS = YES_AGGRESSIVE;
				GCC_WARN_UNUSED_FUNCTION = YES;
				GCC_WARN_UNUSED_VARIABLE = YES;
				IPHONEOS_DEPLOYMENT_TARGET = 16.0;
				MTL_ENABLE_DEBUG_INFO = INCLUDE_SOURCE;
				MTL_FAST_MATH = YES;
				ONLY_ACTIVE_ARCH = YES;
				SDKROOT = iphoneos;
				SWIFT_ACTIVE_COMPILATION_CONDITIONS = DEBUG;
				SWIFT_OPTIMIZATION_LEVEL = "-Onone";
			};
			name = Debug;
		};
		AD6914DD28E37F4800D9F34E /* Release */ = {
			isa = XCBuildConfiguration;
			buildSettings = {
				ALWAYS_SEARCH_USER_PATHS = NO;
				CLANG_ANALYZER_LOCALIZABILITY_NONLOCALIZED = YES;
				CLANG_ANALYZER_NONNULL = YES;
				CLANG_ANALYZER_NUMBER_OBJECT_CONVERSION = YES_AGGRESSIVE;
				CLANG_CXX_LANGUAGE_STANDARD = "gnu++20";
				CLANG_ENABLE_MODULES = YES;
				CLANG_ENABLE_OBJC_ARC = YES;
				CLANG_ENABLE_OBJC_WEAK = YES;
				CLANG_WARN_BLOCK_CAPTURE_AUTORELEASING = YES;
				CLANG_WARN_BOOL_CONVERSION = YES;
				CLANG_WARN_COMMA = YES;
				CLANG_WARN_CONSTANT_CONVERSION = YES;
				CLANG_WARN_DEPRECATED_OBJC_IMPLEMENTATIONS = YES;
				CLANG_WARN_DIRECT_OBJC_ISA_USAGE = YES_ERROR;
				CLANG_WARN_DOCUMENTATION_COMMENTS = YES;
				CLANG_WARN_EMPTY_BODY = YES;
				CLANG_WARN_ENUM_CONVERSION = YES;
				CLANG_WARN_INFINITE_RECURSION = YES;
				CLANG_WARN_INT_CONVERSION = YES;
				CLANG_WARN_NON_LITERAL_NULL_CONVERSION = YES;
				CLANG_WARN_OBJC_IMPLICIT_RETAIN_SELF = YES;
				CLANG_WARN_OBJC_LITERAL_CONVERSION = YES;
				CLANG_WARN_OBJC_ROOT_CLASS = YES_ERROR;
				CLANG_WARN_QUOTED_INCLUDE_IN_FRAMEWORK_HEADER = YES;
				CLANG_WARN_RANGE_LOOP_ANALYSIS = YES;
				CLANG_WARN_STRICT_PROTOTYPES = YES;
				CLANG_WARN_SUSPICIOUS_MOVE = YES;
				CLANG_WARN_UNGUARDED_AVAILABILITY = YES_AGGRESSIVE;
				CLANG_WARN_UNREACHABLE_CODE = YES;
				CLANG_WARN__DUPLICATE_METHOD_MATCH = YES;
				COPY_PHASE_STRIP = NO;
				DEBUG_INFORMATION_FORMAT = "dwarf-with-dsym";
				ENABLE_NS_ASSERTIONS = NO;
				ENABLE_STRICT_OBJC_MSGSEND = YES;
				GCC_C_LANGUAGE_STANDARD = gnu11;
				GCC_NO_COMMON_BLOCKS = YES;
				GCC_WARN_64_TO_32_BIT_CONVERSION = YES;
				GCC_WARN_ABOUT_RETURN_TYPE = YES_ERROR;
				GCC_WARN_UNDECLARED_SELECTOR = YES;
				GCC_WARN_UNINITIALIZED_AUTOS = YES_AGGRESSIVE;
				GCC_WARN_UNUSED_FUNCTION = YES;
				GCC_WARN_UNUSED_VARIABLE = YES;
				IPHONEOS_DEPLOYMENT_TARGET = 16.0;
				MTL_ENABLE_DEBUG_INFO = NO;
				MTL_FAST_MATH = YES;
				SDKROOT = iphoneos;
				SWIFT_COMPILATION_MODE = wholemodule;
				SWIFT_OPTIMIZATION_LEVEL = "-O";
				VALIDATE_PRODUCT = YES;
			};
			name = Release;
		};
		AD6914DF28E37F4800D9F34E /* Debug */ = {
			isa = XCBuildConfiguration;
			buildSettings = {
				ASSETCATALOG_COMPILER_APPICON_NAME = AppIcon;
				ASSETCATALOG_COMPILER_GLOBAL_ACCENT_COLOR_NAME = AccentColor;
				CODE_SIGN_IDENTITY = "Apple Development";
				CODE_SIGN_STYLE = Automatic;
				CURRENT_PROJECT_VERSION = 18;
				DEVELOPMENT_TEAM = X2ZH23CYYJ;
				GENERATE_INFOPLIST_FILE = YES;
				INFOPLIST_FILE = BTCMap/Info.plist;
				INFOPLIST_KEY_CFBundleDisplayName = "BTC Map";
				INFOPLIST_KEY_LSApplicationCategoryType = "public.app-category.lifestyle";
				INFOPLIST_KEY_NSLocationWhenInUseUsageDescription = "BTCMaps uses your location to center the map and to filter Communities and Elements close to you.";
				INFOPLIST_KEY_UIApplicationSupportsIndirectInputEvents = YES;
				INFOPLIST_KEY_UILaunchStoryboardName = LaunchScreen;
				INFOPLIST_KEY_UISupportedInterfaceOrientations = UIInterfaceOrientationPortrait;
				INFOPLIST_KEY_UISupportedInterfaceOrientations_iPad = "UIInterfaceOrientationLandscapeLeft UIInterfaceOrientationLandscapeRight UIInterfaceOrientationPortrait UIInterfaceOrientationPortraitUpsideDown";
				INFOPLIST_KEY_UIUserInterfaceStyle = Dark;
				IPHONEOS_DEPLOYMENT_TARGET = 16.4;
				LD_RUNPATH_SEARCH_PATHS = (
					"$(inherited)",
					"@executable_path/Frameworks",
				);
				MARKETING_VERSION = 1.3;
				PRODUCT_BUNDLE_IDENTIFIER = org.btcmap.app;
				PRODUCT_NAME = "$(TARGET_NAME)";
				PROVISIONING_PROFILE_SPECIFIER = "";
				SWIFT_EMIT_LOC_STRINGS = YES;
				SWIFT_VERSION = 5.0;
				TARGETED_DEVICE_FAMILY = "1,2";
			};
			name = Debug;
		};
		AD6914E028E37F4800D9F34E /* Release */ = {
			isa = XCBuildConfiguration;
			buildSettings = {
				ASSETCATALOG_COMPILER_APPICON_NAME = AppIcon;
				ASSETCATALOG_COMPILER_GLOBAL_ACCENT_COLOR_NAME = AccentColor;
				CODE_SIGN_IDENTITY = "Apple Development";
				CODE_SIGN_STYLE = Automatic;
				CURRENT_PROJECT_VERSION = 18;
				DEVELOPMENT_TEAM = X2ZH23CYYJ;
				GENERATE_INFOPLIST_FILE = YES;
				INFOPLIST_FILE = BTCMap/Info.plist;
				INFOPLIST_KEY_CFBundleDisplayName = "BTC Map";
				INFOPLIST_KEY_LSApplicationCategoryType = "public.app-category.lifestyle";
				INFOPLIST_KEY_NSLocationWhenInUseUsageDescription = "BTCMaps uses your location to center the map and to filter Communities and Elements close to you.";
				INFOPLIST_KEY_UIApplicationSupportsIndirectInputEvents = YES;
				INFOPLIST_KEY_UILaunchStoryboardName = LaunchScreen;
				INFOPLIST_KEY_UISupportedInterfaceOrientations = UIInterfaceOrientationPortrait;
				INFOPLIST_KEY_UISupportedInterfaceOrientations_iPad = "UIInterfaceOrientationLandscapeLeft UIInterfaceOrientationLandscapeRight UIInterfaceOrientationPortrait UIInterfaceOrientationPortraitUpsideDown";
				INFOPLIST_KEY_UIUserInterfaceStyle = Dark;
				IPHONEOS_DEPLOYMENT_TARGET = 16.4;
				LD_RUNPATH_SEARCH_PATHS = (
					"$(inherited)",
					"@executable_path/Frameworks",
				);
				MARKETING_VERSION = 1.3;
				PRODUCT_BUNDLE_IDENTIFIER = org.btcmap.app;
				PRODUCT_NAME = "$(TARGET_NAME)";
				PROVISIONING_PROFILE_SPECIFIER = "";
				SWIFT_EMIT_LOC_STRINGS = YES;
				SWIFT_VERSION = 5.0;
				TARGETED_DEVICE_FAMILY = "1,2";
			};
			name = Release;
		};
/* End XCBuildConfiguration section */

/* Begin XCConfigurationList section */
		AD6914C528E37F4600D9F34E /* Build configuration list for PBXProject "BTCMap" */ = {
			isa = XCConfigurationList;
			buildConfigurations = (
				AD6914DC28E37F4800D9F34E /* Debug */,
				AD6914DD28E37F4800D9F34E /* Release */,
			);
			defaultConfigurationIsVisible = 0;
			defaultConfigurationName = Release;
		};
		AD6914DE28E37F4800D9F34E /* Build configuration list for PBXNativeTarget "BTCMap" */ = {
			isa = XCConfigurationList;
			buildConfigurations = (
				AD6914DF28E37F4800D9F34E /* Debug */,
				AD6914E028E37F4800D9F34E /* Release */,
			);
			defaultConfigurationIsVisible = 0;
			defaultConfigurationName = Release;
		};
/* End XCConfigurationList section */

/* Begin XCRemoteSwiftPackageReference section */
		B14855F729E24F7F00613C6A /* XCRemoteSwiftPackageReference "GEOSwift" */ = {
			isa = XCRemoteSwiftPackageReference;
			repositoryURL = "https://github.com/GEOSwift/GEOSwift.git";
			requirement = {
				kind = upToNextMajorVersion;
				minimumVersion = 10.0.0;
			};
		};
		B155BAD4298589FF00A25265 /* XCRemoteSwiftPackageReference "Cluster" */ = {
			isa = XCRemoteSwiftPackageReference;
			repositoryURL = "https://github.com/efremidze/Cluster.git";
			requirement = {
				kind = upToNextMajorVersion;
				minimumVersion = 3.0.0;
			};
		};
/* End XCRemoteSwiftPackageReference section */

/* Begin XCSwiftPackageProductDependency section */
		B14855F829E24F7F00613C6A /* GEOSwift */ = {
			isa = XCSwiftPackageProductDependency;
			package = B14855F729E24F7F00613C6A /* XCRemoteSwiftPackageReference "GEOSwift" */;
			productName = GEOSwift;
		};
		B155BAD5298589FF00A25265 /* Cluster */ = {
			isa = XCSwiftPackageProductDependency;
			package = B155BAD4298589FF00A25265 /* XCRemoteSwiftPackageReference "Cluster" */;
			productName = Cluster;
		};
/* End XCSwiftPackageProductDependency section */
	};
	rootObject = AD6914C228E37F4600D9F34E /* Project object */;
}
