// !$*UTF8*$!
{
	archiveVersion = 1;
	classes = {
	};
	objectVersion = 56;
	objects = {

/* Begin PBXBuildFile section */
		AD6914CE28E37F4600D9F34E /* AppDelegate.swift in Sources */ = {isa = PBXBuildFile; fileRef = AD6914CD28E37F4600D9F34E /* AppDelegate.swift */; };
		AD6914D028E37F4600D9F34E /* SceneDelegate.swift in Sources */ = {isa = PBXBuildFile; fileRef = AD6914CF28E37F4600D9F34E /* SceneDelegate.swift */; };
		AD6914D728E37F4800D9F34E /* Assets.xcassets in Resources */ = {isa = PBXBuildFile; fileRef = AD6914D628E37F4800D9F34E /* Assets.xcassets */; };
		AD6914DA28E37F4800D9F34E /* LaunchScreen.storyboard in Resources */ = {isa = PBXBuildFile; fileRef = AD6914D828E37F4800D9F34E /* LaunchScreen.storyboard */; };
		AD6914E928E3814F00D9F34E /* MapViewController.swift in Sources */ = {isa = PBXBuildFile; fileRef = AD6914E728E3814F00D9F34E /* MapViewController.swift */; };
		AD6914EA28E3814F00D9F34E /* MapViewController.xib in Resources */ = {isa = PBXBuildFile; fileRef = AD6914E828E3814F00D9F34E /* MapViewController.xib */; };
		AD7E331428E8278D004B1DFE /* REST.swift in Sources */ = {isa = PBXBuildFile; fileRef = AD7E331328E8278D004B1DFE /* REST.swift */; };
		AD7E331628E831A6004B1DFE /* Localizable.strings in Resources */ = {isa = PBXBuildFile; fileRef = AD7E331528E831A6004B1DFE /* Localizable.strings */; };
		AD7E331928E831C2004B1DFE /* Localizable.swift in Sources */ = {isa = PBXBuildFile; fileRef = AD7E331828E831C2004B1DFE /* Localizable.swift */; };
		AD7E331B28E8679D004B1DFE /* ElementMarkerEmoji.swift in Sources */ = {isa = PBXBuildFile; fileRef = AD7E331A28E8679D004B1DFE /* ElementMarkerEmoji.swift */; };
		AD7E331E28E8D2CF004B1DFE /* StyledLabel.swift in Sources */ = {isa = PBXBuildFile; fileRef = AD7E331D28E8D2CF004B1DFE /* StyledLabel.swift */; };
		AD8193F028F2C7ED00CAB29C /* ElementDetailsItemView.swift in Sources */ = {isa = PBXBuildFile; fileRef = AD8193EF28F2C7ED00CAB29C /* ElementDetailsItemView.swift */; };
		AD8193F228F2C84400CAB29C /* ElementDetailsItemView.xib in Resources */ = {isa = PBXBuildFile; fileRef = AD8193F128F2C84400CAB29C /* ElementDetailsItemView.xib */; };
		AD96B92D28E4B29400B558D4 /* ElementViewController.swift in Sources */ = {isa = PBXBuildFile; fileRef = AD96B92B28E4B29400B558D4 /* ElementViewController.swift */; };
		AD96B92E28E4B29400B558D4 /* ElementViewController.xib in Resources */ = {isa = PBXBuildFile; fileRef = AD96B92C28E4B29400B558D4 /* ElementViewController.xib */; };
		AD96B93228E4BB7100B558D4 /* API.swift in Sources */ = {isa = PBXBuildFile; fileRef = AD96B93128E4BB7100B558D4 /* API.swift */; };
		AD96B93428E4BC7400B558D4 /* Elements.swift in Sources */ = {isa = PBXBuildFile; fileRef = AD96B93328E4BC7400B558D4 /* Elements.swift */; };
		B17F30A02957789900926E4F /* BorderButtonStyle.swift in Sources */ = {isa = PBXBuildFile; fileRef = B17F309F2957789900926E4F /* BorderButtonStyle.swift */; };
		B17F30A52957CA2000926E4F /* OptionsView.swift in Sources */ = {isa = PBXBuildFile; fileRef = B17F30A42957CA2000926E4F /* OptionsView.swift */; };
		B17F30A72957CB4300926E4F /* DonateView.swift in Sources */ = {isa = PBXBuildFile; fileRef = B17F30A62957CB4300926E4F /* DonateView.swift */; };
		B17F30A92957CBD000926E4F /* RoundedPillButton.swift in Sources */ = {isa = PBXBuildFile; fileRef = B17F30A82957CBD000926E4F /* RoundedPillButton.swift */; };
		B17F30AC2958FCE900926E4F /* String+URLEncode.swift in Sources */ = {isa = PBXBuildFile; fileRef = B17F30AB2958FCE900926E4F /* String+URLEncode.swift */; };
		B1AFEEA72954D90F007C2D0A /* Color+BTCMap.swift in Sources */ = {isa = PBXBuildFile; fileRef = B1AFEEA62954D90F007C2D0A /* Color+BTCMap.swift */; };
		B1AFEEA92956BA4D007C2D0A /* ElementView.swift in Sources */ = {isa = PBXBuildFile; fileRef = B1AFEEA82956BA4D007C2D0A /* ElementView.swift */; };
		B1AFEEAB29573EFB007C2D0A /* Home.swift in Sources */ = {isa = PBXBuildFile; fileRef = B1AFEEAA29573EFB007C2D0A /* Home.swift */; };
		B1AFEEAD29573F93007C2D0A /* MapViewControllerWrapper.swift in Sources */ = {isa = PBXBuildFile; fileRef = B1AFEEAC29573F93007C2D0A /* MapViewControllerWrapper.swift */; };
		B1AFEEAF295742FB007C2D0A /* ElementViewModel.swift in Sources */ = {isa = PBXBuildFile; fileRef = B1AFEEAE295742FB007C2D0A /* ElementViewModel.swift */; };
		B1AFEEB3295747D8007C2D0A /* mock_element.json in Resources */ = {isa = PBXBuildFile; fileRef = B1AFEEB2295747D8007C2D0A /* mock_element.json */; };
		B1AFEEB529574FE7007C2D0A /* mock_event.json in Resources */ = {isa = PBXBuildFile; fileRef = B1AFEEB429574FE7007C2D0A /* mock_event.json */; };
		B1AFEEB729575004007C2D0A /* mock_user.json in Resources */ = {isa = PBXBuildFile; fileRef = B1AFEEB629575004007C2D0A /* mock_user.json */; };
		B1AFEEBB29575036007C2D0A /* mock_area.json in Resources */ = {isa = PBXBuildFile; fileRef = B1AFEEBA29575036007C2D0A /* mock_area.json */; };
		B1AFEEBD29575053007C2D0A /* mock_report.json in Resources */ = {isa = PBXBuildFile; fileRef = B1AFEEBC29575053007C2D0A /* mock_report.json */; };
/* End PBXBuildFile section */

/* Begin PBXFileReference section */
		AD6914CA28E37F4600D9F34E /* BTCMap.app */ = {isa = PBXFileReference; explicitFileType = wrapper.application; includeInIndex = 0; path = BTCMap.app; sourceTree = BUILT_PRODUCTS_DIR; };
		AD6914CD28E37F4600D9F34E /* AppDelegate.swift */ = {isa = PBXFileReference; lastKnownFileType = sourcecode.swift; path = AppDelegate.swift; sourceTree = "<group>"; };
		AD6914CF28E37F4600D9F34E /* SceneDelegate.swift */ = {isa = PBXFileReference; lastKnownFileType = sourcecode.swift; path = SceneDelegate.swift; sourceTree = "<group>"; };
		AD6914D628E37F4800D9F34E /* Assets.xcassets */ = {isa = PBXFileReference; lastKnownFileType = folder.assetcatalog; path = Assets.xcassets; sourceTree = "<group>"; };
		AD6914D928E37F4800D9F34E /* Base */ = {isa = PBXFileReference; lastKnownFileType = file.storyboard; name = Base; path = Base.lproj/LaunchScreen.storyboard; sourceTree = "<group>"; };
		AD6914DB28E37F4800D9F34E /* Info.plist */ = {isa = PBXFileReference; lastKnownFileType = text.plist.xml; path = Info.plist; sourceTree = "<group>"; };
		AD6914E728E3814F00D9F34E /* MapViewController.swift */ = {isa = PBXFileReference; lastKnownFileType = sourcecode.swift; path = MapViewController.swift; sourceTree = "<group>"; };
		AD6914E828E3814F00D9F34E /* MapViewController.xib */ = {isa = PBXFileReference; lastKnownFileType = file.xib; path = MapViewController.xib; sourceTree = "<group>"; };
		AD7E331328E8278D004B1DFE /* REST.swift */ = {isa = PBXFileReference; lastKnownFileType = sourcecode.swift; path = REST.swift; sourceTree = "<group>"; };
		AD7E331528E831A6004B1DFE /* Localizable.strings */ = {isa = PBXFileReference; lastKnownFileType = text.plist.strings; path = Localizable.strings; sourceTree = "<group>"; };
		AD7E331828E831C2004B1DFE /* Localizable.swift */ = {isa = PBXFileReference; fileEncoding = 4; lastKnownFileType = sourcecode.swift; path = Localizable.swift; sourceTree = "<group>"; };
		AD7E331A28E8679D004B1DFE /* ElementMarkerEmoji.swift */ = {isa = PBXFileReference; lastKnownFileType = sourcecode.swift; path = ElementMarkerEmoji.swift; sourceTree = "<group>"; };
		AD7E331D28E8D2CF004B1DFE /* StyledLabel.swift */ = {isa = PBXFileReference; fileEncoding = 4; lastKnownFileType = sourcecode.swift; path = StyledLabel.swift; sourceTree = "<group>"; };
		AD8193EF28F2C7ED00CAB29C /* ElementDetailsItemView.swift */ = {isa = PBXFileReference; lastKnownFileType = sourcecode.swift; path = ElementDetailsItemView.swift; sourceTree = "<group>"; };
		AD8193F128F2C84400CAB29C /* ElementDetailsItemView.xib */ = {isa = PBXFileReference; lastKnownFileType = file.xib; path = ElementDetailsItemView.xib; sourceTree = "<group>"; };
		AD96B92B28E4B29400B558D4 /* ElementViewController.swift */ = {isa = PBXFileReference; lastKnownFileType = sourcecode.swift; path = ElementViewController.swift; sourceTree = "<group>"; };
		AD96B92C28E4B29400B558D4 /* ElementViewController.xib */ = {isa = PBXFileReference; lastKnownFileType = file.xib; path = ElementViewController.xib; sourceTree = "<group>"; };
		AD96B93128E4BB7100B558D4 /* API.swift */ = {isa = PBXFileReference; lastKnownFileType = sourcecode.swift; path = API.swift; sourceTree = "<group>"; };
		AD96B93328E4BC7400B558D4 /* Elements.swift */ = {isa = PBXFileReference; lastKnownFileType = sourcecode.swift; path = Elements.swift; sourceTree = "<group>"; };
		B17F309F2957789900926E4F /* BorderButtonStyle.swift */ = {isa = PBXFileReference; lastKnownFileType = sourcecode.swift; path = BorderButtonStyle.swift; sourceTree = "<group>"; };
		B17F30A42957CA2000926E4F /* OptionsView.swift */ = {isa = PBXFileReference; lastKnownFileType = sourcecode.swift; path = OptionsView.swift; sourceTree = "<group>"; };
		B17F30A62957CB4300926E4F /* DonateView.swift */ = {isa = PBXFileReference; lastKnownFileType = sourcecode.swift; path = DonateView.swift; sourceTree = "<group>"; };
		B17F30A82957CBD000926E4F /* RoundedPillButton.swift */ = {isa = PBXFileReference; lastKnownFileType = sourcecode.swift; path = RoundedPillButton.swift; sourceTree = "<group>"; };
		B17F30AB2958FCE900926E4F /* String+URLEncode.swift */ = {isa = PBXFileReference; lastKnownFileType = sourcecode.swift; path = "String+URLEncode.swift"; sourceTree = "<group>"; };
		B1AFEEA4295213B6007C2D0A /* elements.json */ = {isa = PBXFileReference; fileEncoding = 4; lastKnownFileType = text.json; path = elements.json; sourceTree = SOURCE_ROOT; };
		B1AFEEA62954D90F007C2D0A /* Color+BTCMap.swift */ = {isa = PBXFileReference; lastKnownFileType = sourcecode.swift; path = "Color+BTCMap.swift"; sourceTree = "<group>"; };
		B1AFEEA82956BA4D007C2D0A /* ElementView.swift */ = {isa = PBXFileReference; lastKnownFileType = sourcecode.swift; path = ElementView.swift; sourceTree = "<group>"; };
		B1AFEEAA29573EFB007C2D0A /* Home.swift */ = {isa = PBXFileReference; lastKnownFileType = sourcecode.swift; path = Home.swift; sourceTree = "<group>"; };
		B1AFEEAC29573F93007C2D0A /* MapViewControllerWrapper.swift */ = {isa = PBXFileReference; lastKnownFileType = sourcecode.swift; path = MapViewControllerWrapper.swift; sourceTree = "<group>"; };
		B1AFEEAE295742FB007C2D0A /* ElementViewModel.swift */ = {isa = PBXFileReference; lastKnownFileType = sourcecode.swift; path = ElementViewModel.swift; sourceTree = "<group>"; };
		B1AFEEB2295747D8007C2D0A /* mock_element.json */ = {isa = PBXFileReference; lastKnownFileType = text.json; path = mock_element.json; sourceTree = "<group>"; };
		B1AFEEB429574FE7007C2D0A /* mock_event.json */ = {isa = PBXFileReference; lastKnownFileType = text.json; path = mock_event.json; sourceTree = "<group>"; };
		B1AFEEB629575004007C2D0A /* mock_user.json */ = {isa = PBXFileReference; lastKnownFileType = text.json; path = mock_user.json; sourceTree = "<group>"; };
		B1AFEEBA29575036007C2D0A /* mock_area.json */ = {isa = PBXFileReference; lastKnownFileType = text.json; path = mock_area.json; sourceTree = "<group>"; };
		B1AFEEBC29575053007C2D0A /* mock_report.json */ = {isa = PBXFileReference; lastKnownFileType = text.json; path = mock_report.json; sourceTree = "<group>"; };
/* End PBXFileReference section */

/* Begin PBXFrameworksBuildPhase section */
		AD6914C728E37F4600D9F34E /* Frameworks */ = {
			isa = PBXFrameworksBuildPhase;
			buildActionMask = 2147483647;
			files = (
			);
			runOnlyForDeploymentPostprocessing = 0;
		};
/* End PBXFrameworksBuildPhase section */

/* Begin PBXGroup section */
		AD6914C128E37F4600D9F34E = {
			isa = PBXGroup;
			children = (
				AD6914CC28E37F4600D9F34E /* BTCMap */,
				AD6914CB28E37F4600D9F34E /* Products */,
			);
			sourceTree = "<group>";
		};
		AD6914CB28E37F4600D9F34E /* Products */ = {
			isa = PBXGroup;
			children = (
				AD6914CA28E37F4600D9F34E /* BTCMap.app */,
			);
			name = Products;
			sourceTree = "<group>";
		};
		AD6914CC28E37F4600D9F34E /* BTCMap */ = {
			isa = PBXGroup;
			children = (
				AD6914E128E380B000D9F34E /* Sources */,
				AD6914E228E380CA00D9F34E /* Resources */,
				AD6914E328E380D300D9F34E /* Others */,
			);
			path = BTCMap;
			sourceTree = "<group>";
		};
		AD6914E128E380B000D9F34E /* Sources */ = {
			isa = PBXGroup;
			children = (
				AD7E331728E831B4004B1DFE /* Helpers */,
				AD6914E428E380E300D9F34E /* Models */,
				AD6914E528E380E800D9F34E /* Views & ViewModels */,
				AD6914CD28E37F4600D9F34E /* AppDelegate.swift */,
				AD6914CF28E37F4600D9F34E /* SceneDelegate.swift */,
			);
			name = Sources;
			sourceTree = "<group>";
		};
		AD6914E228E380CA00D9F34E /* Resources */ = {
			isa = PBXGroup;
			children = (
				AD7E331528E831A6004B1DFE /* Localizable.strings */,
				AD6914D628E37F4800D9F34E /* Assets.xcassets */,
				AD6914D828E37F4800D9F34E /* LaunchScreen.storyboard */,
				B1AFEEA4295213B6007C2D0A /* elements.json */,
				B1AFEEB1295747AD007C2D0A /* Mocks */,
			);
			name = Resources;
			sourceTree = "<group>";
		};
		AD6914E328E380D300D9F34E /* Others */ = {
			isa = PBXGroup;
			children = (
				AD6914DB28E37F4800D9F34E /* Info.plist */,
			);
			name = Others;
			sourceTree = "<group>";
		};
		AD6914E428E380E300D9F34E /* Models */ = {
			isa = PBXGroup;
			children = (
				AD7E331328E8278D004B1DFE /* REST.swift */,
				AD96B93128E4BB7100B558D4 /* API.swift */,
				AD96B93328E4BC7400B558D4 /* Elements.swift */,
				AD7E331A28E8679D004B1DFE /* ElementMarkerEmoji.swift */,
			);
			name = Models;
			sourceTree = "<group>";
		};
		AD6914E528E380E800D9F34E /* Views & ViewModels */ = {
			isa = PBXGroup;
			children = (
				AD7E331C28E8D275004B1DFE /* Common */,
				AD6914E628E3813B00D9F34E /* Map */,
				AD96B92A28E4B28600B558D4 /* Element */,
				B1AFEEAA29573EFB007C2D0A /* Home.swift */,
			);
			name = "Views & ViewModels";
			sourceTree = "<group>";
		};
		AD6914E628E3813B00D9F34E /* Map */ = {
			isa = PBXGroup;
			children = (
				AD6914E728E3814F00D9F34E /* MapViewController.swift */,
				AD6914E828E3814F00D9F34E /* MapViewController.xib */,
				B1AFEEAC29573F93007C2D0A /* MapViewControllerWrapper.swift */,
			);
			name = Map;
			sourceTree = "<group>";
		};
		AD7E331728E831B4004B1DFE /* Helpers */ = {
			isa = PBXGroup;
			children = (
				AD7E331828E831C2004B1DFE /* Localizable.swift */,
				B1AFEEA62954D90F007C2D0A /* Color+BTCMap.swift */,
				B17F30AB2958FCE900926E4F /* String+URLEncode.swift */,
			);
			name = Helpers;
			sourceTree = "<group>";
		};
		AD7E331C28E8D275004B1DFE /* Common */ = {
			isa = PBXGroup;
			children = (
				B17F309E2957788900926E4F /* SwiftUI */,
				B17F309D2957788000926E4F /* UIKit */,
			);
			name = Common;
			sourceTree = "<group>";
		};
		AD8193EE28F2C7D400CAB29C /* Views */ = {
			isa = PBXGroup;
			children = (
				B1AFEEB02957476A007C2D0A /* Deprecated */,
				B1AFEEA82956BA4D007C2D0A /* ElementView.swift */,
				B1AFEEAE295742FB007C2D0A /* ElementViewModel.swift */,
				B17F30A42957CA2000926E4F /* OptionsView.swift */,
				B17F30A62957CB4300926E4F /* DonateView.swift */,
			);
			name = Views;
			sourceTree = "<group>";
		};
		AD96B92A28E4B28600B558D4 /* Element */ = {
			isa = PBXGroup;
			children = (
				AD8193EE28F2C7D400CAB29C /* Views */,
			);
			name = Element;
			sourceTree = "<group>";
		};
		B17F309D2957788000926E4F /* UIKit */ = {
			isa = PBXGroup;
			children = (
				AD7E331D28E8D2CF004B1DFE /* StyledLabel.swift */,
			);
			name = UIKit;
			sourceTree = "<group>";
		};
		B17F309E2957788900926E4F /* SwiftUI */ = {
			isa = PBXGroup;
			children = (
				B17F309F2957789900926E4F /* BorderButtonStyle.swift */,
				B17F30A82957CBD000926E4F /* RoundedPillButton.swift */,
			);
			name = SwiftUI;
			sourceTree = "<group>";
		};
		B1AFEEB02957476A007C2D0A /* Deprecated */ = {
			isa = PBXGroup;
			children = (
				AD96B92B28E4B29400B558D4 /* ElementViewController.swift */,
				AD96B92C28E4B29400B558D4 /* ElementViewController.xib */,
				AD8193EF28F2C7ED00CAB29C /* ElementDetailsItemView.swift */,
				AD8193F128F2C84400CAB29C /* ElementDetailsItemView.xib */,
			);
			name = Deprecated;
			sourceTree = "<group>";
		};
		B1AFEEB1295747AD007C2D0A /* Mocks */ = {
			isa = PBXGroup;
			children = (
				B1AFEEB2295747D8007C2D0A /* mock_element.json */,
				B1AFEEB429574FE7007C2D0A /* mock_event.json */,
				B1AFEEB629575004007C2D0A /* mock_user.json */,
				B1AFEEBA29575036007C2D0A /* mock_area.json */,
				B1AFEEBC29575053007C2D0A /* mock_report.json */,
			);
			name = Mocks;
			sourceTree = "<group>";
		};
/* End PBXGroup section */

/* Begin PBXNativeTarget section */
		AD6914C928E37F4600D9F34E /* BTCMap */ = {
			isa = PBXNativeTarget;
			buildConfigurationList = AD6914DE28E37F4800D9F34E /* Build configuration list for PBXNativeTarget "BTCMap" */;
			buildPhases = (
				AD6914C628E37F4600D9F34E /* Sources */,
				AD6914C728E37F4600D9F34E /* Frameworks */,
				AD6914C828E37F4600D9F34E /* Resources */,
			);
			buildRules = (
			);
			dependencies = (
			);
			name = BTCMap;
			productName = BTCMap;
			productReference = AD6914CA28E37F4600D9F34E /* BTCMap.app */;
			productType = "com.apple.product-type.application";
		};
/* End PBXNativeTarget section */

/* Begin PBXProject section */
		AD6914C228E37F4600D9F34E /* Project object */ = {
			isa = PBXProject;
			attributes = {
				BuildIndependentTargetsInParallel = 1;
				LastSwiftUpdateCheck = 1400;
				LastUpgradeCheck = 1400;
				TargetAttributes = {
					AD6914C928E37F4600D9F34E = {
						CreatedOnToolsVersion = 14.0;
					};
				};
			};
			buildConfigurationList = AD6914C528E37F4600D9F34E /* Build configuration list for PBXProject "BTCMap" */;
			compatibilityVersion = "Xcode 14.0";
			developmentRegion = en;
			hasScannedForEncodings = 0;
			knownRegions = (
				en,
				Base,
			);
			mainGroup = AD6914C128E37F4600D9F34E;
			productRefGroup = AD6914CB28E37F4600D9F34E /* Products */;
			projectDirPath = "";
			projectRoot = "";
			targets = (
				AD6914C928E37F4600D9F34E /* BTCMap */,
			);
		};
/* End PBXProject section */

/* Begin PBXResourcesBuildPhase section */
		AD6914C828E37F4600D9F34E /* Resources */ = {
			isa = PBXResourcesBuildPhase;
			buildActionMask = 2147483647;
			files = (
				B1AFEEB729575004007C2D0A /* mock_user.json in Resources */,
				AD6914DA28E37F4800D9F34E /* LaunchScreen.storyboard in Resources */,
				B1AFEEBB29575036007C2D0A /* mock_area.json in Resources */,
				AD7E331628E831A6004B1DFE /* Localizable.strings in Resources */,
				B1AFEEB529574FE7007C2D0A /* mock_event.json in Resources */,
				AD8193F228F2C84400CAB29C /* ElementDetailsItemView.xib in Resources */,
				B1AFEEB3295747D8007C2D0A /* mock_element.json in Resources */,
				B1AFEEBD29575053007C2D0A /* mock_report.json in Resources */,
				AD6914EA28E3814F00D9F34E /* MapViewController.xib in Resources */,
				AD96B92E28E4B29400B558D4 /* ElementViewController.xib in Resources */,
				AD6914D728E37F4800D9F34E /* Assets.xcassets in Resources */,
			);
			runOnlyForDeploymentPostprocessing = 0;
		};
/* End PBXResourcesBuildPhase section */

/* Begin PBXSourcesBuildPhase section */
		AD6914C628E37F4600D9F34E /* Sources */ = {
			isa = PBXSourcesBuildPhase;
			buildActionMask = 2147483647;
			files = (
				B1AFEEA92956BA4D007C2D0A /* ElementView.swift in Sources */,
				B17F30A92957CBD000926E4F /* RoundedPillButton.swift in Sources */,
				B17F30A72957CB4300926E4F /* DonateView.swift in Sources */,
				AD96B93428E4BC7400B558D4 /* Elements.swift in Sources */,
				AD6914CE28E37F4600D9F34E /* AppDelegate.swift in Sources */,
				B1AFEEA72954D90F007C2D0A /* Color+BTCMap.swift in Sources */,
				AD6914E928E3814F00D9F34E /* MapViewController.swift in Sources */,
				AD7E331428E8278D004B1DFE /* REST.swift in Sources */,
				B1AFEEAB29573EFB007C2D0A /* Home.swift in Sources */,
				B1AFEEAF295742FB007C2D0A /* ElementViewModel.swift in Sources */,
				AD7E331B28E8679D004B1DFE /* ElementMarkerEmoji.swift in Sources */,
				B17F30A02957789900926E4F /* BorderButtonStyle.swift in Sources */,
				AD6914D028E37F4600D9F34E /* SceneDelegate.swift in Sources */,
				B17F30A52957CA2000926E4F /* OptionsView.swift in Sources */,
				AD8193F028F2C7ED00CAB29C /* ElementDetailsItemView.swift in Sources */,
				B17F30AC2958FCE900926E4F /* String+URLEncode.swift in Sources */,
				AD96B92D28E4B29400B558D4 /* ElementViewController.swift in Sources */,
				AD7E331928E831C2004B1DFE /* Localizable.swift in Sources */,
				B1AFEEAD29573F93007C2D0A /* MapViewControllerWrapper.swift in Sources */,
				AD96B93228E4BB7100B558D4 /* API.swift in Sources */,
				AD7E331E28E8D2CF004B1DFE /* StyledLabel.swift in Sources */,
			);
			runOnlyForDeploymentPostprocessing = 0;
		};
/* End PBXSourcesBuildPhase section */

/* Begin PBXVariantGroup section */
		AD6914D828E37F4800D9F34E /* LaunchScreen.storyboard */ = {
			isa = PBXVariantGroup;
			children = (
				AD6914D928E37F4800D9F34E /* Base */,
			);
			name = LaunchScreen.storyboard;
			sourceTree = "<group>";
		};
/* End PBXVariantGroup section */

/* Begin XCBuildConfiguration section */
		AD6914DC28E37F4800D9F34E /* Debug */ = {
			isa = XCBuildConfiguration;
			buildSettings = {
				ALWAYS_SEARCH_USER_PATHS = NO;
				CLANG_ANALYZER_NONNULL = YES;
				CLANG_ANALYZER_NUMBER_OBJECT_CONVERSION = YES_AGGRESSIVE;
				CLANG_CXX_LANGUAGE_STANDARD = "gnu++20";
				CLANG_ENABLE_MODULES = YES;
				CLANG_ENABLE_OBJC_ARC = YES;
				CLANG_ENABLE_OBJC_WEAK = YES;
				CLANG_WARN_BLOCK_CAPTURE_AUTORELEASING = YES;
				CLANG_WARN_BOOL_CONVERSION = YES;
				CLANG_WARN_COMMA = YES;
				CLANG_WARN_CONSTANT_CONVERSION = YES;
				CLANG_WARN_DEPRECATED_OBJC_IMPLEMENTATIONS = YES;
				CLANG_WARN_DIRECT_OBJC_ISA_USAGE = YES_ERROR;
				CLANG_WARN_DOCUMENTATION_COMMENTS = YES;
				CLANG_WARN_EMPTY_BODY = YES;
				CLANG_WARN_ENUM_CONVERSION = YES;
				CLANG_WARN_INFINITE_RECURSION = YES;
				CLANG_WARN_INT_CONVERSION = YES;
				CLANG_WARN_NON_LITERAL_NULL_CONVERSION = YES;
				CLANG_WARN_OBJC_IMPLICIT_RETAIN_SELF = YES;
				CLANG_WARN_OBJC_LITERAL_CONVERSION = YES;
				CLANG_WARN_OBJC_ROOT_CLASS = YES_ERROR;
				CLANG_WARN_QUOTED_INCLUDE_IN_FRAMEWORK_HEADER = YES;
				CLANG_WARN_RANGE_LOOP_ANALYSIS = YES;
				CLANG_WARN_STRICT_PROTOTYPES = YES;
				CLANG_WARN_SUSPICIOUS_MOVE = YES;
				CLANG_WARN_UNGUARDED_AVAILABILITY = YES_AGGRESSIVE;
				CLANG_WARN_UNREACHABLE_CODE = YES;
				CLANG_WARN__DUPLICATE_METHOD_MATCH = YES;
				COPY_PHASE_STRIP = NO;
				DEBUG_INFORMATION_FORMAT = dwarf;
				ENABLE_STRICT_OBJC_MSGSEND = YES;
				ENABLE_TESTABILITY = YES;
				GCC_C_LANGUAGE_STANDARD = gnu11;
				GCC_DYNAMIC_NO_PIC = NO;
				GCC_NO_COMMON_BLOCKS = YES;
				GCC_OPTIMIZATION_LEVEL = 0;
				GCC_PREPROCESSOR_DEFINITIONS = (
					"DEBUG=1",
					"$(inherited)",
				);
				GCC_WARN_64_TO_32_BIT_CONVERSION = YES;
				GCC_WARN_ABOUT_RETURN_TYPE = YES_ERROR;
				GCC_WARN_UNDECLARED_SELECTOR = YES;
				GCC_WARN_UNINITIALIZED_AUTOS = YES_AGGRESSIVE;
				GCC_WARN_UNUSED_FUNCTION = YES;
				GCC_WARN_UNUSED_VARIABLE = YES;
				IPHONEOS_DEPLOYMENT_TARGET = 16.0;
				MTL_ENABLE_DEBUG_INFO = INCLUDE_SOURCE;
				MTL_FAST_MATH = YES;
				ONLY_ACTIVE_ARCH = YES;
				SDKROOT = iphoneos;
				SWIFT_ACTIVE_COMPILATION_CONDITIONS = DEBUG;
				SWIFT_OPTIMIZATION_LEVEL = "-Onone";
			};
			name = Debug;
		};
		AD6914DD28E37F4800D9F34E /* Release */ = {
			isa = XCBuildConfiguration;
			buildSettings = {
				ALWAYS_SEARCH_USER_PATHS = NO;
				CLANG_ANALYZER_NONNULL = YES;
				CLANG_ANALYZER_NUMBER_OBJECT_CONVERSION = YES_AGGRESSIVE;
				CLANG_CXX_LANGUAGE_STANDARD = "gnu++20";
				CLANG_ENABLE_MODULES = YES;
				CLANG_ENABLE_OBJC_ARC = YES;
				CLANG_ENABLE_OBJC_WEAK = YES;
				CLANG_WARN_BLOCK_CAPTURE_AUTORELEASING = YES;
				CLANG_WARN_BOOL_CONVERSION = YES;
				CLANG_WARN_COMMA = YES;
				CLANG_WARN_CONSTANT_CONVERSION = YES;
				CLANG_WARN_DEPRECATED_OBJC_IMPLEMENTATIONS = YES;
				CLANG_WARN_DIRECT_OBJC_ISA_USAGE = YES_ERROR;
				CLANG_WARN_DOCUMENTATION_COMMENTS = YES;
				CLANG_WARN_EMPTY_BODY = YES;
				CLANG_WARN_ENUM_CONVERSION = YES;
				CLANG_WARN_INFINITE_RECURSION = YES;
				CLANG_WARN_INT_CONVERSION = YES;
				CLANG_WARN_NON_LITERAL_NULL_CONVERSION = YES;
				CLANG_WARN_OBJC_IMPLICIT_RETAIN_SELF = YES;
				CLANG_WARN_OBJC_LITERAL_CONVERSION = YES;
				CLANG_WARN_OBJC_ROOT_CLASS = YES_ERROR;
				CLANG_WARN_QUOTED_INCLUDE_IN_FRAMEWORK_HEADER = YES;
				CLANG_WARN_RANGE_LOOP_ANALYSIS = YES;
				CLANG_WARN_STRICT_PROTOTYPES = YES;
				CLANG_WARN_SUSPICIOUS_MOVE = YES;
				CLANG_WARN_UNGUARDED_AVAILABILITY = YES_AGGRESSIVE;
				CLANG_WARN_UNREACHABLE_CODE = YES;
				CLANG_WARN__DUPLICATE_METHOD_MATCH = YES;
				COPY_PHASE_STRIP = NO;
				DEBUG_INFORMATION_FORMAT = "dwarf-with-dsym";
				ENABLE_NS_ASSERTIONS = NO;
				ENABLE_STRICT_OBJC_MSGSEND = YES;
				GCC_C_LANGUAGE_STANDARD = gnu11;
				GCC_NO_COMMON_BLOCKS = YES;
				GCC_WARN_64_TO_32_BIT_CONVERSION = YES;
				GCC_WARN_ABOUT_RETURN_TYPE = YES_ERROR;
				GCC_WARN_UNDECLARED_SELECTOR = YES;
				GCC_WARN_UNINITIALIZED_AUTOS = YES_AGGRESSIVE;
				GCC_WARN_UNUSED_FUNCTION = YES;
				GCC_WARN_UNUSED_VARIABLE = YES;
				IPHONEOS_DEPLOYMENT_TARGET = 16.0;
				MTL_ENABLE_DEBUG_INFO = NO;
				MTL_FAST_MATH = YES;
				SDKROOT = iphoneos;
				SWIFT_COMPILATION_MODE = wholemodule;
				SWIFT_OPTIMIZATION_LEVEL = "-O";
				VALIDATE_PRODUCT = YES;
			};
			name = Release;
		};
		AD6914DF28E37F4800D9F34E /* Debug */ = {
			isa = XCBuildConfiguration;
			buildSettings = {
				ASSETCATALOG_COMPILER_APPICON_NAME = AppIcon;
				ASSETCATALOG_COMPILER_GLOBAL_ACCENT_COLOR_NAME = AccentColor;
				CODE_SIGN_STYLE = Automatic;
				CURRENT_PROJECT_VERSION = 1;
				DEVELOPMENT_TEAM = P8BYXEZ6KH;
				GENERATE_INFOPLIST_FILE = YES;
				INFOPLIST_FILE = BTCMap/Info.plist;
				INFOPLIST_KEY_CFBundleDisplayName = "BTC Map";
				INFOPLIST_KEY_LSApplicationCategoryType = "public.app-category.lifestyle";
				INFOPLIST_KEY_NSLocationUsageDescription = "To show your location";
				INFOPLIST_KEY_NSLocationWhenInUseUsageDescription = "To show your location";
				INFOPLIST_KEY_UIApplicationSupportsIndirectInputEvents = YES;
				INFOPLIST_KEY_UILaunchStoryboardName = LaunchScreen;
				INFOPLIST_KEY_UISupportedInterfaceOrientations = UIInterfaceOrientationPortrait;
				INFOPLIST_KEY_UISupportedInterfaceOrientations_iPad = "UIInterfaceOrientationLandscapeLeft UIInterfaceOrientationLandscapeRight UIInterfaceOrientationPortrait UIInterfaceOrientationPortraitUpsideDown";
				IPHONEOS_DEPLOYMENT_TARGET = 15.0;
				LD_RUNPATH_SEARCH_PATHS = (
					"$(inherited)",
					"@executable_path/Frameworks",
				);
				MARKETING_VERSION = 1.0;
				PRODUCT_BUNDLE_IDENTIFIER = org.btcmap.app;
				PRODUCT_NAME = "$(TARGET_NAME)";
				SWIFT_EMIT_LOC_STRINGS = YES;
				SWIFT_VERSION = 5.0;
				TARGETED_DEVICE_FAMILY = "1,2";
			};
			name = Debug;
		};
		AD6914E028E37F4800D9F34E /* Release */ = {
			isa = XCBuildConfiguration;
			buildSettings = {
				ASSETCATALOG_COMPILER_APPICON_NAME = AppIcon;
				ASSETCATALOG_COMPILER_GLOBAL_ACCENT_COLOR_NAME = AccentColor;
				CODE_SIGN_STYLE = Automatic;
				CURRENT_PROJECT_VERSION = 1;
				DEVELOPMENT_TEAM = P8BYXEZ6KH;
				GENERATE_INFOPLIST_FILE = YES;
				INFOPLIST_FILE = BTCMap/Info.plist;
				INFOPLIST_KEY_CFBundleDisplayName = "BTC Map";
				INFOPLIST_KEY_LSApplicationCategoryType = "public.app-category.lifestyle";
				INFOPLIST_KEY_NSLocationUsageDescription = "To show your location";
				INFOPLIST_KEY_NSLocationWhenInUseUsageDescription = "To show your location";
				INFOPLIST_KEY_UIApplicationSupportsIndirectInputEvents = YES;
				INFOPLIST_KEY_UILaunchStoryboardName = LaunchScreen;
				INFOPLIST_KEY_UISupportedInterfaceOrientations = UIInterfaceOrientationPortrait;
				INFOPLIST_KEY_UISupportedInterfaceOrientations_iPad = "UIInterfaceOrientationLandscapeLeft UIInterfaceOrientationLandscapeRight UIInterfaceOrientationPortrait UIInterfaceOrientationPortraitUpsideDown";
				IPHONEOS_DEPLOYMENT_TARGET = 15.0;
				LD_RUNPATH_SEARCH_PATHS = (
					"$(inherited)",
					"@executable_path/Frameworks",
				);
				MARKETING_VERSION = 1.0;
				PRODUCT_BUNDLE_IDENTIFIER = org.btcmap.app;
				PRODUCT_NAME = "$(TARGET_NAME)";
				SWIFT_EMIT_LOC_STRINGS = YES;
				SWIFT_VERSION = 5.0;
				TARGETED_DEVICE_FAMILY = "1,2";
			};
			name = Release;
		};
/* End XCBuildConfiguration section */

/* Begin XCConfigurationList section */
		AD6914C528E37F4600D9F34E /* Build configuration list for PBXProject "BTCMap" */ = {
			isa = XCConfigurationList;
			buildConfigurations = (
				AD6914DC28E37F4800D9F34E /* Debug */,
				AD6914DD28E37F4800D9F34E /* Release */,
			);
			defaultConfigurationIsVisible = 0;
			defaultConfigurationName = Release;
		};
		AD6914DE28E37F4800D9F34E /* Build configuration list for PBXNativeTarget "BTCMap" */ = {
			isa = XCConfigurationList;
			buildConfigurations = (
				AD6914DF28E37F4800D9F34E /* Debug */,
				AD6914E028E37F4800D9F34E /* Release */,
			);
			defaultConfigurationIsVisible = 0;
			defaultConfigurationName = Release;
		};
/* End XCConfigurationList section */
	};
	rootObject = AD6914C228E37F4600D9F34E /* Project object */;
}
